
Microsoft Visual Studio Solution File, Format Version 10.00
# Visual C# Express 2008
Project("{FAE04EC0-301F-11D3-BF4B-00C04F79EFBC}") = "uninfe", "uninfe\uninfe.csproj", "{B6E8E809-6501-4D21-A94C-D751A3D57085}"
EndProject
Project("{FAE04EC0-301F-11D3-BF4B-00C04F79EFBC}") = "GerarProcNFe", "GerarProcNFe\GerarProcNFe.csproj", "{91A73108-735A-40EA-84A0-32386B84F0F2}"
EndProject
Project("{FAE04EC0-301F-11D3-BF4B-00C04F79EFBC}") = "UniNFeLibrary", "UniNFeLibrary\UniNFeLibrary.csproj", "{704CC7AF-5152-418B-B709-F3DC28E799C7}"
EndProject
Global
	GlobalSection(SolutionConfigurationPlatforms) = preSolution
		Debug|Any CPU = Debug|Any CPU
		Release|Any CPU = Release|Any CPU
	EndGlobalSection
	GlobalSection(ProjectConfigurationPlatforms) = postSolution
		{B6E8E809-6501-4D21-A94C-D751A3D57085}.Debug|Any CPU.ActiveCfg = Debug|Any CPU
		{B6E8E809-6501-4D21-A94C-D751A3D57085}.Debug|Any CPU.Build.0 = Debug|Any CPU
		{B6E8E809-6501-4D21-A94C-D751A3D57085}.Release|Any CPU.ActiveCfg = Release|Any CPU
		{B6E8E809-6501-4D21-A94C-D751A3D57085}.Release|Any CPU.Build.0 = Release|Any CPU
		{91A73108-735A-40EA-84A0-32386B84F0F2}.Debug|Any CPU.ActiveCfg = Debug|Any CPU
		{91A73108-735A-40EA-84A0-32386B84F0F2}.Debug|Any CPU.Build.0 = Debug|Any CPU
		{91A73108-735A-40EA-84A0-32386B84F0F2}.Release|Any CPU.ActiveCfg = Release|Any CPU
		{91A73108-735A-40EA-84A0-32386B84F0F2}.Release|Any CPU.Build.0 = Release|Any CPU
		{704CC7AF-5152-418B-B709-F3DC28E799C7}.Debug|Any CPU.ActiveCfg = Debug|Any CPU
		{704CC7AF-5152-418B-B709-F3DC28E799C7}.Debug|Any CPU.Build.0 = Debug|Any CPU
		{704CC7AF-5152-418B-B709-F3DC28E799C7}.Release|Any CPU.ActiveCfg = Release|Any CPU
		{704CC7AF-5152-418B-B709-F3DC28E799C7}.Release|Any CPU.Build.0 = Release|Any CPU
	EndGlobalSection
	GlobalSection(SolutionProperties) = preSolution
		HideSolutionNode = FALSE
	EndGlobalSection
EndGlobal
