
Microsoft Visual Studio Solution File, Format Version 11.00
# Visual Studio 2010
Project("{FAE04EC0-301F-11D3-BF4B-00C04F79EFBC}") = "uninfe", "uninfe\uninfe.csproj", "{B6E8E809-6501-4D21-A94C-D751A3D57085}"
EndProject
Project("{FAE04EC0-301F-11D3-BF4B-00C04F79EFBC}") = "unicte", "unicte\unicte.csproj", "{67232FEE-F583-4E59-AF5B-DBB613407627}"
	ProjectSection(ProjectDependencies) = postProject
		{A963E456-A54B-4C4D-A9DE-E80C136C3554} = {A963E456-A54B-4C4D-A9DE-E80C136C3554}
	EndProjectSection
EndProject
Project("{FAE04EC0-301F-11D3-BF4B-00C04F79EFBC}") = "UniNFeServico", "UniNFeServico\UniNFeServico.csproj", "{E808B9BD-C6F6-467E-BA52-E5681C55AFFF}"
EndProject
Project("{FAE04EC0-301F-11D3-BF4B-00C04F79EFBC}") = "uninfse", "uninfse\uninfse.csproj", "{8754C561-F7C0-48AB-AC29-5C66A69ECB5A}"
EndProject
Project("{FAE04EC0-301F-11D3-BF4B-00C04F79EFBC}") = "NFe.Certificado", "NFe.Certificado\NFe.Certificado.csproj", "{C045A27F-415B-4F7D-8B9B-2956589932C8}"
EndProject
Project("{FAE04EC0-301F-11D3-BF4B-00C04F79EFBC}") = "NFe.Components", "NFe.Components\NFe.Components.csproj", "{C199D582-6DA4-4D00-8963-89BA04777872}"
EndProject
Project("{FAE04EC0-301F-11D3-BF4B-00C04F79EFBC}") = "NFe.Components.Info", "NFe.Components.Info\NFe.Components.Info.csproj", "{B7222C8A-6160-4D6F-BDC8-20134308175A}"
EndProject
Project("{FAE04EC0-301F-11D3-BF4B-00C04F79EFBC}") = "NFe.ConvertTxt", "NFe.ConvertTxt\NFe.ConvertTxt.csproj", "{9F2E5401-1C0B-4613-AB7F-985C7F0F267A}"
EndProject
Project("{FAE04EC0-301F-11D3-BF4B-00C04F79EFBC}") = "NFe.Interface", "NFe.Interface\NFe.Interface.csproj", "{D5EB0BA1-EB5A-4D0B-ABA3-133B25B1C0CF}"
EndProject
Project("{FAE04EC0-301F-11D3-BF4B-00C04F79EFBC}") = "NFe.Service", "NFe.Service\NFe.Service.csproj", "{975C0CFB-C646-4A1D-8927-FD63869F2DAF}"
EndProject
Project("{FAE04EC0-301F-11D3-BF4B-00C04F79EFBC}") = "NFe.Settings", "NFe.Settings\NFe.Settings.csproj", "{A963E456-A54B-4C4D-A9DE-E80C136C3554}"
EndProject
Project("{FAE04EC0-301F-11D3-BF4B-00C04F79EFBC}") = "NFe.Threadings", "NFe.Threadings\NFe.Threadings.csproj", "{F570942E-C531-497D-A860-F86A8C2A31C9}"
EndProject
Project("{FAE04EC0-301F-11D3-BF4B-00C04F79EFBC}") = "NFe.Validate", "NFe.Validate\NFe.Validate.csproj", "{4A0D1E87-2994-4678-9AF1-EEBD093B7B44}"
EndProject
Project("{FAE04EC0-301F-11D3-BF4B-00C04F79EFBC}") = "NFSe.Components", "NFSe.Components\NFSe.Components.csproj", "{E0E67E9B-E48B-4302-BD67-E09FA726FD6F}"
EndProject
Global
	GlobalSection(TeamFoundationVersionControl) = preSolution
		SccNumberOfProjects = 4
		SccEnterpriseProvider = {4CA58AB2-18FA-4F8D-95D4-32DDF27D184C}
		SccTeamFoundationServer = https://tfs03.codeplex.com/
		SccLocalPath0 = .
		SccProjectUniqueName1 = uninfe\\uninfe.csproj
		SccProjectName1 = uninfe
		SccLocalPath1 = uninfe
		SccProjectUniqueName2 = GerarProcNFe\\GerarProcNFe.csproj
		SccProjectName2 = GerarProcNFe
		SccLocalPath2 = GerarProcNFe
		SccProjectUniqueName3 = UniNFeLibrary\\UniNFeLibrary.csproj
		SccProjectName3 = UniNFeLibrary
		SccLocalPath3 = UniNFeLibrary
	EndGlobalSection
	GlobalSection(SolutionConfigurationPlatforms) = preSolution
		Debug|Any CPU = Debug|Any CPU
		Release|Any CPU = Release|Any CPU
	EndGlobalSection
	GlobalSection(ProjectConfigurationPlatforms) = postSolution
		{B6E8E809-6501-4D21-A94C-D751A3D57085}.Debug|Any CPU.ActiveCfg = Release|Any CPU
		{B6E8E809-6501-4D21-A94C-D751A3D57085}.Debug|Any CPU.Build.0 = Release|Any CPU
		{B6E8E809-6501-4D21-A94C-D751A3D57085}.Release|Any CPU.ActiveCfg = Release|Any CPU
		{B6E8E809-6501-4D21-A94C-D751A3D57085}.Release|Any CPU.Build.0 = Release|Any CPU
		{67232FEE-F583-4E59-AF5B-DBB613407627}.Debug|Any CPU.ActiveCfg = Release|Any CPU
		{67232FEE-F583-4E59-AF5B-DBB613407627}.Debug|Any CPU.Build.0 = Release|Any CPU
		{67232FEE-F583-4E59-AF5B-DBB613407627}.Release|Any CPU.ActiveCfg = Release|Any CPU
		{67232FEE-F583-4E59-AF5B-DBB613407627}.Release|Any CPU.Build.0 = Release|Any CPU
		{E808B9BD-C6F6-467E-BA52-E5681C55AFFF}.Debug|Any CPU.ActiveCfg = Release|Any CPU
		{E808B9BD-C6F6-467E-BA52-E5681C55AFFF}.Debug|Any CPU.Build.0 = Release|Any CPU
		{E808B9BD-C6F6-467E-BA52-E5681C55AFFF}.Release|Any CPU.ActiveCfg = Release|Any CPU
		{E808B9BD-C6F6-467E-BA52-E5681C55AFFF}.Release|Any CPU.Build.0 = Release|Any CPU
		{8754C561-F7C0-48AB-AC29-5C66A69ECB5A}.Debug|Any CPU.ActiveCfg = Release|Any CPU
		{8754C561-F7C0-48AB-AC29-5C66A69ECB5A}.Debug|Any CPU.Build.0 = Release|Any CPU
		{8754C561-F7C0-48AB-AC29-5C66A69ECB5A}.Release|Any CPU.ActiveCfg = Release|Any CPU
		{8754C561-F7C0-48AB-AC29-5C66A69ECB5A}.Release|Any CPU.Build.0 = Release|Any CPU
		{C045A27F-415B-4F7D-8B9B-2956589932C8}.Debug|Any CPU.ActiveCfg = Debug|Any CPU
		{C045A27F-415B-4F7D-8B9B-2956589932C8}.Debug|Any CPU.Build.0 = Debug|Any CPU
		{C045A27F-415B-4F7D-8B9B-2956589932C8}.Release|Any CPU.ActiveCfg = Release|Any CPU
		{C045A27F-415B-4F7D-8B9B-2956589932C8}.Release|Any CPU.Build.0 = Release|Any CPU
		{C199D582-6DA4-4D00-8963-89BA04777872}.Debug|Any CPU.ActiveCfg = Debug|Any CPU
		{C199D582-6DA4-4D00-8963-89BA04777872}.Debug|Any CPU.Build.0 = Debug|Any CPU
		{C199D582-6DA4-4D00-8963-89BA04777872}.Release|Any CPU.ActiveCfg = Release|Any CPU
		{C199D582-6DA4-4D00-8963-89BA04777872}.Release|Any CPU.Build.0 = Release|Any CPU
		{B7222C8A-6160-4D6F-BDC8-20134308175A}.Debug|Any CPU.ActiveCfg = Debug|Any CPU
		{B7222C8A-6160-4D6F-BDC8-20134308175A}.Debug|Any CPU.Build.0 = Debug|Any CPU
		{B7222C8A-6160-4D6F-BDC8-20134308175A}.Release|Any CPU.ActiveCfg = Release|Any CPU
		{B7222C8A-6160-4D6F-BDC8-20134308175A}.Release|Any CPU.Build.0 = Release|Any CPU
		{9F2E5401-1C0B-4613-AB7F-985C7F0F267A}.Debug|Any CPU.ActiveCfg = Debug|Any CPU
		{9F2E5401-1C0B-4613-AB7F-985C7F0F267A}.Debug|Any CPU.Build.0 = Debug|Any CPU
		{9F2E5401-1C0B-4613-AB7F-985C7F0F267A}.Release|Any CPU.ActiveCfg = Release|Any CPU
		{9F2E5401-1C0B-4613-AB7F-985C7F0F267A}.Release|Any CPU.Build.0 = Release|Any CPU
		{D5EB0BA1-EB5A-4D0B-ABA3-133B25B1C0CF}.Debug|Any CPU.ActiveCfg = Debug|Any CPU
		{D5EB0BA1-EB5A-4D0B-ABA3-133B25B1C0CF}.Debug|Any CPU.Build.0 = Debug|Any CPU
		{D5EB0BA1-EB5A-4D0B-ABA3-133B25B1C0CF}.Release|Any CPU.ActiveCfg = Release|Any CPU
		{D5EB0BA1-EB5A-4D0B-ABA3-133B25B1C0CF}.Release|Any CPU.Build.0 = Release|Any CPU
		{975C0CFB-C646-4A1D-8927-FD63869F2DAF}.Debug|Any CPU.ActiveCfg = Debug|Any CPU
		{975C0CFB-C646-4A1D-8927-FD63869F2DAF}.Debug|Any CPU.Build.0 = Debug|Any CPU
		{975C0CFB-C646-4A1D-8927-FD63869F2DAF}.Release|Any CPU.ActiveCfg = Release|Any CPU
		{975C0CFB-C646-4A1D-8927-FD63869F2DAF}.Release|Any CPU.Build.0 = Release|Any CPU
		{A963E456-A54B-4C4D-A9DE-E80C136C3554}.Debug|Any CPU.ActiveCfg = Debug|Any CPU
		{A963E456-A54B-4C4D-A9DE-E80C136C3554}.Debug|Any CPU.Build.0 = Debug|Any CPU
		{A963E456-A54B-4C4D-A9DE-E80C136C3554}.Release|Any CPU.ActiveCfg = Release|Any CPU
		{A963E456-A54B-4C4D-A9DE-E80C136C3554}.Release|Any CPU.Build.0 = Release|Any CPU
		{F570942E-C531-497D-A860-F86A8C2A31C9}.Debug|Any CPU.ActiveCfg = Debug|Any CPU
		{F570942E-C531-497D-A860-F86A8C2A31C9}.Debug|Any CPU.Build.0 = Debug|Any CPU
		{F570942E-C531-497D-A860-F86A8C2A31C9}.Release|Any CPU.ActiveCfg = Release|Any CPU
		{F570942E-C531-497D-A860-F86A8C2A31C9}.Release|Any CPU.Build.0 = Release|Any CPU
		{4A0D1E87-2994-4678-9AF1-EEBD093B7B44}.Debug|Any CPU.ActiveCfg = Debug|Any CPU
		{4A0D1E87-2994-4678-9AF1-EEBD093B7B44}.Debug|Any CPU.Build.0 = Debug|Any CPU
		{4A0D1E87-2994-4678-9AF1-EEBD093B7B44}.Release|Any CPU.ActiveCfg = Release|Any CPU
		{4A0D1E87-2994-4678-9AF1-EEBD093B7B44}.Release|Any CPU.Build.0 = Release|Any CPU
		{E0E67E9B-E48B-4302-BD67-E09FA726FD6F}.Debug|Any CPU.ActiveCfg = Debug|Any CPU
		{E0E67E9B-E48B-4302-BD67-E09FA726FD6F}.Debug|Any CPU.Build.0 = Debug|Any CPU
		{E0E67E9B-E48B-4302-BD67-E09FA726FD6F}.Release|Any CPU.ActiveCfg = Release|Any CPU
		{E0E67E9B-E48B-4302-BD67-E09FA726FD6F}.Release|Any CPU.Build.0 = Release|Any CPU
	EndGlobalSection
	GlobalSection(SolutionProperties) = preSolution
		HideSolutionNode = FALSE
	EndGlobalSection
	GlobalSection(SubversionScc) = preSolution
		Svn-Managed = True
		Manager = AnkhSVN - Subversion Support for Visual Studio
	EndGlobalSection
EndGlobal
