
Microsoft Visual Studio Solution File, Format Version 10.00
# Visual Studio 2008
Project("{FAE04EC0-301F-11D3-BF4B-00C04F79EFBC}") = "NFe.Settings", "NFe.Settings.csproj", "{A963E456-A54B-4C4D-A9DE-E80C136C3554}"
EndProject
Global
	GlobalSection(SolutionConfigurationPlatforms) = preSolution
		Debug|Any CPU = Debug|Any CPU
		Release|Any CPU = Release|Any CPU
	EndGlobalSection
	GlobalSection(ProjectConfigurationPlatforms) = postSolution
		{A963E456-A54B-4C4D-A9DE-E80C136C3554}.Debug|Any CPU.ActiveCfg = Debug|Any CPU
		{A963E456-A54B-4C4D-A9DE-E80C136C3554}.Debug|Any CPU.Build.0 = Debug|Any CPU
		{A963E456-A54B-4C4D-A9DE-E80C136C3554}.Release|Any CPU.ActiveCfg = Release|Any CPU
		{A963E456-A54B-4C4D-A9DE-E80C136C3554}.Release|Any CPU.Build.0 = Release|Any CPU
	EndGlobalSection
	GlobalSection(SolutionProperties) = preSolution
		HideSolutionNode = FALSE
	EndGlobalSection
EndGlobal
