
Microsoft Visual Studio Solution File, Format Version 11.00
# Visual Studio 2010
Project("{FAE04EC0-301F-11D3-BF4B-00C04F79EFBC}") = "teste_metodos", "teste_metodos.csproj", "{BE4E1F12-23A4-4554-8A2E-EBA122603381}"
EndProject
Global
	GlobalSection(SolutionConfigurationPlatforms) = preSolution
		Debug|Any CPU = Debug|Any CPU
		Release|Any CPU = Release|Any CPU
	EndGlobalSection
	GlobalSection(ProjectConfigurationPlatforms) = postSolution
		{BE4E1F12-23A4-4554-8A2E-EBA122603381}.Debug|Any CPU.ActiveCfg = Debug|Any CPU
		{BE4E1F12-23A4-4554-8A2E-EBA122603381}.Debug|Any CPU.Build.0 = Debug|Any CPU
		{BE4E1F12-23A4-4554-8A2E-EBA122603381}.Release|Any CPU.ActiveCfg = Release|Any CPU
		{BE4E1F12-23A4-4554-8A2E-EBA122603381}.Release|Any CPU.Build.0 = Release|Any CPU
	EndGlobalSection
	GlobalSection(SolutionProperties) = preSolution
		HideSolutionNode = FALSE
	EndGlobalSection
EndGlobal
