Microsoft Visual Studio Solution File, Format Version 12.00
# Visual Studio 2013
VisualStudioVersion = 12.0.40629.0
MinimumVisualStudioVersion = 10.0.40219.1
Project("{FAE04EC0-301F-11D3-BF4B-00C04F79EFBC}") = "UniNFeServico", "UniNFeServico\UniNFeServico.csproj", "{E808B9BD-C6F6-467E-BA52-E5681C55AFFF}"
EndProject
Project("{FAE04EC0-301F-11D3-BF4B-00C04F79EFBC}") = "NFe.Certificado", "NFe.Certificado\NFe.Certificado.csproj", "{C045A27F-415B-4F7D-8B9B-2956589932C8}"
EndProject
Project("{FAE04EC0-301F-11D3-BF4B-00C04F79EFBC}") = "NFe.Components", "NFe.Components\NFe.Components.csproj", "{C199D582-6DA4-4D00-8963-89BA04777872}"
EndProject
Project("{FAE04EC0-301F-11D3-BF4B-00C04F79EFBC}") = "NFe.Components.Info", "NFe.Components.Info\NFe.Components.Info.csproj", "{B7222C8A-6160-4D6F-BDC8-20134308175A}"
EndProject
Project("{FAE04EC0-301F-11D3-BF4B-00C04F79EFBC}") = "NFe.ConvertTxt", "NFe.ConvertTxt\NFe.ConvertTxt.csproj", "{9F2E5401-1C0B-4613-AB7F-985C7F0F267A}"
EndProject
Project("{FAE04EC0-301F-11D3-BF4B-00C04F79EFBC}") = "NFe.Service", "NFe.Service\NFe.Service.csproj", "{975C0CFB-C646-4A1D-8927-FD63869F2DAF}"
EndProject
Project("{FAE04EC0-301F-11D3-BF4B-00C04F79EFBC}") = "NFe.Settings", "NFe.Settings\NFe.Settings.csproj", "{A963E456-A54B-4C4D-A9DE-E80C136C3554}"
EndProject
Project("{FAE04EC0-301F-11D3-BF4B-00C04F79EFBC}") = "NFe.Threadings", "NFe.Threadings\NFe.Threadings.csproj", "{F570942E-C531-497D-A860-F86A8C2A31C9}"
EndProject
Project("{FAE04EC0-301F-11D3-BF4B-00C04F79EFBC}") = "NFe.Validate", "NFe.Validate\NFe.Validate.csproj", "{4A0D1E87-2994-4678-9AF1-EEBD093B7B44}"
EndProject
Project("{FAE04EC0-301F-11D3-BF4B-00C04F79EFBC}") = "NFe.Components.Wsdl", "NFe.Components.Wsdl\NFe.Components.Wsdl.csproj", "{22362DF8-4026-4964-8975-ED87871BA07E}"
EndProject
Project("{2150E333-8FDC-42A3-9474-1A3956D46DE8}") = "MetroFramework", "MetroFramework", "{E1EDF029-0BE4-42A7-9068-5D0AEFD671CC}"
EndProject
Project("{FAE04EC0-301F-11D3-BF4B-00C04F79EFBC}") = "NFe.UI", "NFe.UI\NFe.UI.csproj", "{37A93E14-D881-4957-AD44-3615ED65CD57}"
EndProject
Project("{FAE04EC0-301F-11D3-BF4B-00C04F79EFBC}") = "MetroFramework", "MetroFramework\MetroFramework\MetroFramework.csproj", "{BB41AC8B-CBED-4387-A7E0-4567EDB3F57F}"
EndProject
Project("{FAE04EC0-301F-11D3-BF4B-00C04F79EFBC}") = "MetroFramework.Design", "MetroFramework\MetroFramework.Design\MetroFramework.Design.csproj", "{7316584D-9A16-4280-A8AB-6D45198C6E4D}"
EndProject
Project("{FAE04EC0-301F-11D3-BF4B-00C04F79EFBC}") = "MetroFramework.Fonts", "MetroFramework\MetroFramework.Fonts\MetroFramework.Fonts.csproj", "{5A2FCAE8-C2FA-41BD-90EA-16103EA07B26}"
EndProject
Project("{FAE04EC0-301F-11D3-BF4B-00C04F79EFBC}") = "uninfe_ws", "uninfe_ws\uninfe_ws.csproj", "{24F9938F-63F3-4443-B543-B3CF8309379D}"
EndProject
Project("{FAE04EC0-301F-11D3-BF4B-00C04F79EFBC}") = "MetroFramework.Demo", "MetroFramework\MetroFramework.Demo\MetroFramework.Demo.csproj", "{AF988819-4618-4852-9506-C1D06D04F6B2}"
EndProject
Project("{FAE04EC0-301F-11D3-BF4B-00C04F79EFBC}") = "UniNFe", "uninfe\UniNFe.csproj", "{347CF3C4-EE18-4D46-AABF-479B73BF85D6}"
EndProject
Project("{2150E333-8FDC-42A3-9474-1A3956D46DE8}") = "net35", "net35", "{8545F389-653C-4100-B042-41BF3C1391E4}"
EndProject
Project("{FAE04EC0-301F-11D3-BF4B-00C04F79EFBC}") = "NFe.Components3.5", "net35\NFe.Components\NFe.Components3.5.csproj", "{1F09D215-BDAC-4B2A-B063-A97B07ECE5B7}"
EndProject
Project("{FAE04EC0-301F-11D3-BF4B-00C04F79EFBC}") = "NFe.ConvertTxt3.5", "net35\NFe.ConvertTxt\NFe.ConvertTxt3.5.csproj", "{1264A330-0022-477C-B956-7AD718DEE9CB}"
EndProject
Project("{FAE04EC0-301F-11D3-BF4B-00C04F79EFBC}") = "NFe.Settings3.5", "net35\NFe.Settings\NFe.Settings3.5.csproj", "{1C3B3DE6-D939-47DF-9DF6-9C7BBACC0731}"
EndProject
Project("{FAE04EC0-301F-11D3-BF4B-00C04F79EFBC}") = "NFe.Certificado3.5", "net35\NFe.Certificado\NFe.Certificado3.5.csproj", "{BA498364-5C53-4C53-AB24-85155B113FB3}"
EndProject
Project("{FAE04EC0-301F-11D3-BF4B-00C04F79EFBC}") = "NFe.Components.Info3.5", "net35\NFe.Components.Info\NFe.Components.Info3.5.csproj", "{5E03DC5D-7911-40E2-A332-B08C0A6A4871}"
EndProject
Project("{FAE04EC0-301F-11D3-BF4B-00C04F79EFBC}") = "NFe.Validate3.5", "net35\NFe.Validate\NFe.Validate3.5.csproj", "{A3040F6C-DCE1-4905-9B3C-BEDE1BB71CE7}"
EndProject
Project("{FAE04EC0-301F-11D3-BF4B-00C04F79EFBC}") = "NFe.Service3.5", "net35\NFe.Service\NFe.Service3.5.csproj", "{1EF329E4-7F7E-4D15-AADD-D7BAE0A1DD3A}"
EndProject
Project("{FAE04EC0-301F-11D3-BF4B-00C04F79EFBC}") = "NFe.Threadings3.5", "net35\NFe.Threadings\NFe.Threadings3.5.csproj", "{63344C77-91F8-4705-BF47-F92B09FC7116}"
EndProject
Project("{FAE04EC0-301F-11D3-BF4B-00C04F79EFBC}") = "UniNFeServico3.5", "net35\UniNFeServico\UniNFeServico3.5.csproj", "{DA1DE3F9-FA75-485D-8FFF-D0EC38756A4F}"
EndProject
Project("{FAE04EC0-301F-11D3-BF4B-00C04F79EFBC}") = "NFe.Components.Wsdl3.5", "net35\NFe.Components.Wsdl\NFe.Components.Wsdl3.5.csproj", "{AF5C40B1-6374-45C8-A992-D0085EB7B16A}"
EndProject
Project("{FAE04EC0-301F-11D3-BF4B-00C04F79EFBC}") = "rebuildprojetos", "rebuildprojetos\rebuildprojetos.csproj", "{D23E9D57-97ED-4FE5-9DA1-017B83F39903}"
EndProject
Project("{2150E333-8FDC-42A3-9474-1A3956D46DE8}") = "MetroFramework", "MetroFramework", "{A92A3EC7-972A-48BC-A7AF-9CCF587E2255}"
EndProject
Project("{FAE04EC0-301F-11D3-BF4B-00C04F79EFBC}") = "MetroFramework3.5", "net35\MetroFramework\MetroFramework\MetroFramework3.5.csproj", "{3992DCD3-3E34-4CBC-A774-6F4606BB5000}"
EndProject
Project("{FAE04EC0-301F-11D3-BF4B-00C04F79EFBC}") = "MetroFramework.Design3.5", "net35\MetroFramework\MetroFramework.Design\MetroFramework.Design3.5.csproj", "{ABE7D93C-B164-4106-9898-74A2699BDEFD}"
EndProject
Project("{FAE04EC0-301F-11D3-BF4B-00C04F79EFBC}") = "MetroFramework.Fonts3.5", "net35\MetroFramework\MetroFramework.Fonts\MetroFramework.Fonts3.5.csproj", "{B9B66E61-CBC1-44C8-AB7A-E783FC24BC85}"
EndProject
Project("{FAE04EC0-301F-11D3-BF4B-00C04F79EFBC}") = "NFe.UI3.5", "net35\NFe.UI\NFe.UI3.5.csproj", "{13C4D64A-BADE-42EB-BC7D-5C96F029B29A}"
EndProject
Project("{FAE04EC0-301F-11D3-BF4B-00C04F79EFBC}") = "uninfe3.5", "net35\uninfe\uninfe3.5.csproj", "{99B7FE7A-ABB2-42A9-BD73-5E2EDACABD71}"
EndProject
Project("{2150E333-8FDC-42A3-9474-1A3956D46DE8}") = "net64", "net64", "{A3D8E287-B14E-4C63-9E1F-25C71F984FFB}"
EndProject
Project("{2150E333-8FDC-42A3-9474-1A3956D46DE8}") = "MetroFramework", "MetroFramework", "{7E100213-1FFB-4438-A72D-6948CE0AFE50}"
EndProject
Project("{FAE04EC0-301F-11D3-BF4B-00C04F79EFBC}") = "MetroFramework64", "net64\MetroFramework\MetroFramework\MetroFramework64.csproj", "{ED670A51-6BAA-4D4E-9B41-A8D6B5EDC9F3}"
EndProject
Project("{FAE04EC0-301F-11D3-BF4B-00C04F79EFBC}") = "MetroFramework.Design64", "net64\MetroFramework\MetroFramework.Design\MetroFramework.Design64.csproj", "{5407A7DC-CED9-4BD8-BA93-0B5B241292C1}"
EndProject
Project("{FAE04EC0-301F-11D3-BF4B-00C04F79EFBC}") = "MetroFramework.Fonts64", "net64\MetroFramework\MetroFramework.Fonts\MetroFramework.Fonts64.csproj", "{D1FBA88A-46CD-4711-A215-D0C164C11147}"
EndProject
Project("{FAE04EC0-301F-11D3-BF4B-00C04F79EFBC}") = "NFe.Certificado64", "net64\NFe.Certificado\NFe.Certificado64.csproj", "{52182E2B-C78B-45CA-A6CB-E1FB1E455761}"
EndProject
Project("{FAE04EC0-301F-11D3-BF4B-00C04F79EFBC}") = "NFe.Components64", "net64\NFe.Components\NFe.Components64.csproj", "{3E93064D-98F4-4ECA-9003-2F531D8D3F03}"
EndProject
Project("{FAE04EC0-301F-11D3-BF4B-00C04F79EFBC}") = "NFe.Components.Info64", "net64\NFe.Components.Info\NFe.Components.Info64.csproj", "{0617BEE5-C255-42A4-A94C-E5073161EE55}"
EndProject
Project("{FAE04EC0-301F-11D3-BF4B-00C04F79EFBC}") = "NFe.Components.Wsdl64", "net64\NFe.Components.Wsdl\NFe.Components.Wsdl64.csproj", "{55DF978B-6904-49F3-BA40-56570033BEED}"
EndProject
Project("{FAE04EC0-301F-11D3-BF4B-00C04F79EFBC}") = "NFe.ConvertTxt64", "net64\NFe.ConvertTxt\NFe.ConvertTxt64.csproj", "{54B1AF2D-94D3-41E3-8D15-6F93FD7B8C68}"
EndProject
Project("{FAE04EC0-301F-11D3-BF4B-00C04F79EFBC}") = "NFe.Service64", "net64\NFe.Service\NFe.Service64.csproj", "{EBC28336-2313-4CE1-8711-5DDF907FB7C0}"
EndProject
Project("{FAE04EC0-301F-11D3-BF4B-00C04F79EFBC}") = "NFe.Settings64", "net64\NFe.Settings\NFe.Settings64.csproj", "{EDA09FC4-82AE-4AD1-9320-E4314E5A45B0}"
EndProject
Project("{FAE04EC0-301F-11D3-BF4B-00C04F79EFBC}") = "NFe.Threadings64", "net64\NFe.Threadings\NFe.Threadings64.csproj", "{AE3A9FD9-91C5-4AC6-9328-612632D89EF5}"
EndProject
Project("{FAE04EC0-301F-11D3-BF4B-00C04F79EFBC}") = "NFe.UI64", "net64\NFe.UI\NFe.UI64.csproj", "{4B640F18-0D97-4642-9C8D-6D00901B9B67}"
EndProject
Project("{FAE04EC0-301F-11D3-BF4B-00C04F79EFBC}") = "NFe.Validate64", "net64\NFe.Validate\NFe.Validate64.csproj", "{2D9BCC1E-BFF3-417B-90AF-5B7A273A8F95}"
EndProject
Project("{FAE04EC0-301F-11D3-BF4B-00C04F79EFBC}") = "uninfe64", "net64\uninfe\uninfe64.csproj", "{8DE7A113-CD6F-4D73-A4F7-7DB8493DD997}"
EndProject
Project("{FAE04EC0-301F-11D3-BF4B-00C04F79EFBC}") = "UniNFeServico64", "net64\UniNFeServico\UniNFeServico64.csproj", "{7726566D-27CD-4504-BFAB-628BB771B1C1}"
EndProject
Global
	GlobalSection(SolutionConfigurationPlatforms) = preSolution
		Debug_woDrawing|Any CPU = Debug_woDrawing|Any CPU
		Debug|Any CPU = Debug|Any CPU
		Release_woDrawing|Any CPU = Release_woDrawing|Any CPU
		Release|Any CPU = Release|Any CPU
	EndGlobalSection
	GlobalSection(ProjectConfigurationPlatforms) = postSolution
		{E808B9BD-C6F6-467E-BA52-E5681C55AFFF}.Debug_woDrawing|Any CPU.ActiveCfg = Debug|Any CPU
		{E808B9BD-C6F6-467E-BA52-E5681C55AFFF}.Debug_woDrawing|Any CPU.Build.0 = Debug|Any CPU
		{E808B9BD-C6F6-467E-BA52-E5681C55AFFF}.Debug|Any CPU.ActiveCfg = Release|Any CPU
		{E808B9BD-C6F6-467E-BA52-E5681C55AFFF}.Debug|Any CPU.Build.0 = Release|Any CPU
		{E808B9BD-C6F6-467E-BA52-E5681C55AFFF}.Release_woDrawing|Any CPU.ActiveCfg = Release|Any CPU
		{E808B9BD-C6F6-467E-BA52-E5681C55AFFF}.Release_woDrawing|Any CPU.Build.0 = Release|Any CPU
		{E808B9BD-C6F6-467E-BA52-E5681C55AFFF}.Release|Any CPU.ActiveCfg = Release|Any CPU
		{E808B9BD-C6F6-467E-BA52-E5681C55AFFF}.Release|Any CPU.Build.0 = Release|Any CPU
		{C045A27F-415B-4F7D-8B9B-2956589932C8}.Debug_woDrawing|Any CPU.ActiveCfg = Debug|Any CPU
		{C045A27F-415B-4F7D-8B9B-2956589932C8}.Debug_woDrawing|Any CPU.Build.0 = Debug|Any CPU
		{C045A27F-415B-4F7D-8B9B-2956589932C8}.Debug|Any CPU.ActiveCfg = Debug|Any CPU
		{C045A27F-415B-4F7D-8B9B-2956589932C8}.Debug|Any CPU.Build.0 = Debug|Any CPU
		{C045A27F-415B-4F7D-8B9B-2956589932C8}.Release_woDrawing|Any CPU.ActiveCfg = Release|Any CPU
		{C045A27F-415B-4F7D-8B9B-2956589932C8}.Release_woDrawing|Any CPU.Build.0 = Release|Any CPU
		{C045A27F-415B-4F7D-8B9B-2956589932C8}.Release|Any CPU.ActiveCfg = Release|Any CPU
		{C045A27F-415B-4F7D-8B9B-2956589932C8}.Release|Any CPU.Build.0 = Release|Any CPU
		{C199D582-6DA4-4D00-8963-89BA04777872}.Debug_woDrawing|Any CPU.ActiveCfg = Debug|Any CPU
		{C199D582-6DA4-4D00-8963-89BA04777872}.Debug_woDrawing|Any CPU.Build.0 = Debug|Any CPU
		{C199D582-6DA4-4D00-8963-89BA04777872}.Debug|Any CPU.ActiveCfg = Debug|Any CPU
		{C199D582-6DA4-4D00-8963-89BA04777872}.Debug|Any CPU.Build.0 = Debug|Any CPU
		{C199D582-6DA4-4D00-8963-89BA04777872}.Release_woDrawing|Any CPU.ActiveCfg = Release|Any CPU
		{C199D582-6DA4-4D00-8963-89BA04777872}.Release_woDrawing|Any CPU.Build.0 = Release|Any CPU
		{C199D582-6DA4-4D00-8963-89BA04777872}.Release|Any CPU.ActiveCfg = Release|Any CPU
		{C199D582-6DA4-4D00-8963-89BA04777872}.Release|Any CPU.Build.0 = Release|Any CPU
		{B7222C8A-6160-4D6F-BDC8-20134308175A}.Debug_woDrawing|Any CPU.ActiveCfg = Debug|Any CPU
		{B7222C8A-6160-4D6F-BDC8-20134308175A}.Debug_woDrawing|Any CPU.Build.0 = Debug|Any CPU
		{B7222C8A-6160-4D6F-BDC8-20134308175A}.Debug|Any CPU.ActiveCfg = Debug|Any CPU
		{B7222C8A-6160-4D6F-BDC8-20134308175A}.Debug|Any CPU.Build.0 = Debug|Any CPU
		{B7222C8A-6160-4D6F-BDC8-20134308175A}.Release_woDrawing|Any CPU.ActiveCfg = Release|Any CPU
		{B7222C8A-6160-4D6F-BDC8-20134308175A}.Release_woDrawing|Any CPU.Build.0 = Release|Any CPU
		{B7222C8A-6160-4D6F-BDC8-20134308175A}.Release|Any CPU.ActiveCfg = Release|Any CPU
		{B7222C8A-6160-4D6F-BDC8-20134308175A}.Release|Any CPU.Build.0 = Release|Any CPU
		{9F2E5401-1C0B-4613-AB7F-985C7F0F267A}.Debug_woDrawing|Any CPU.ActiveCfg = Debug|Any CPU
		{9F2E5401-1C0B-4613-AB7F-985C7F0F267A}.Debug_woDrawing|Any CPU.Build.0 = Debug|Any CPU
		{9F2E5401-1C0B-4613-AB7F-985C7F0F267A}.Debug|Any CPU.ActiveCfg = Debug|Any CPU
		{9F2E5401-1C0B-4613-AB7F-985C7F0F267A}.Debug|Any CPU.Build.0 = Debug|Any CPU
		{9F2E5401-1C0B-4613-AB7F-985C7F0F267A}.Release_woDrawing|Any CPU.ActiveCfg = Release|Any CPU
		{9F2E5401-1C0B-4613-AB7F-985C7F0F267A}.Release_woDrawing|Any CPU.Build.0 = Release|Any CPU
		{9F2E5401-1C0B-4613-AB7F-985C7F0F267A}.Release|Any CPU.ActiveCfg = Release|Any CPU
		{9F2E5401-1C0B-4613-AB7F-985C7F0F267A}.Release|Any CPU.Build.0 = Release|Any CPU
		{975C0CFB-C646-4A1D-8927-FD63869F2DAF}.Debug_woDrawing|Any CPU.ActiveCfg = Debug|Any CPU
		{975C0CFB-C646-4A1D-8927-FD63869F2DAF}.Debug_woDrawing|Any CPU.Build.0 = Debug|Any CPU
		{975C0CFB-C646-4A1D-8927-FD63869F2DAF}.Debug|Any CPU.ActiveCfg = Debug|Any CPU
		{975C0CFB-C646-4A1D-8927-FD63869F2DAF}.Debug|Any CPU.Build.0 = Debug|Any CPU
		{975C0CFB-C646-4A1D-8927-FD63869F2DAF}.Release_woDrawing|Any CPU.ActiveCfg = Release|Any CPU
		{975C0CFB-C646-4A1D-8927-FD63869F2DAF}.Release_woDrawing|Any CPU.Build.0 = Release|Any CPU
		{975C0CFB-C646-4A1D-8927-FD63869F2DAF}.Release|Any CPU.ActiveCfg = Release|Any CPU
		{975C0CFB-C646-4A1D-8927-FD63869F2DAF}.Release|Any CPU.Build.0 = Release|Any CPU
		{A963E456-A54B-4C4D-A9DE-E80C136C3554}.Debug_woDrawing|Any CPU.ActiveCfg = Debug|Any CPU
		{A963E456-A54B-4C4D-A9DE-E80C136C3554}.Debug_woDrawing|Any CPU.Build.0 = Debug|Any CPU
		{A963E456-A54B-4C4D-A9DE-E80C136C3554}.Debug|Any CPU.ActiveCfg = Debug|Any CPU
		{A963E456-A54B-4C4D-A9DE-E80C136C3554}.Debug|Any CPU.Build.0 = Debug|Any CPU
		{A963E456-A54B-4C4D-A9DE-E80C136C3554}.Release_woDrawing|Any CPU.ActiveCfg = Release|Any CPU
		{A963E456-A54B-4C4D-A9DE-E80C136C3554}.Release_woDrawing|Any CPU.Build.0 = Release|Any CPU
		{A963E456-A54B-4C4D-A9DE-E80C136C3554}.Release|Any CPU.ActiveCfg = Release|Any CPU
		{A963E456-A54B-4C4D-A9DE-E80C136C3554}.Release|Any CPU.Build.0 = Release|Any CPU
		{F570942E-C531-497D-A860-F86A8C2A31C9}.Debug_woDrawing|Any CPU.ActiveCfg = Debug|Any CPU
		{F570942E-C531-497D-A860-F86A8C2A31C9}.Debug_woDrawing|Any CPU.Build.0 = Debug|Any CPU
		{F570942E-C531-497D-A860-F86A8C2A31C9}.Debug|Any CPU.ActiveCfg = Debug|Any CPU
		{F570942E-C531-497D-A860-F86A8C2A31C9}.Debug|Any CPU.Build.0 = Debug|Any CPU
		{F570942E-C531-497D-A860-F86A8C2A31C9}.Release_woDrawing|Any CPU.ActiveCfg = Release|Any CPU
		{F570942E-C531-497D-A860-F86A8C2A31C9}.Release_woDrawing|Any CPU.Build.0 = Release|Any CPU
		{F570942E-C531-497D-A860-F86A8C2A31C9}.Release|Any CPU.ActiveCfg = Release|Any CPU
		{F570942E-C531-497D-A860-F86A8C2A31C9}.Release|Any CPU.Build.0 = Release|Any CPU
		{4A0D1E87-2994-4678-9AF1-EEBD093B7B44}.Debug_woDrawing|Any CPU.ActiveCfg = Debug|Any CPU
		{4A0D1E87-2994-4678-9AF1-EEBD093B7B44}.Debug_woDrawing|Any CPU.Build.0 = Debug|Any CPU
		{4A0D1E87-2994-4678-9AF1-EEBD093B7B44}.Debug|Any CPU.ActiveCfg = Debug|Any CPU
		{4A0D1E87-2994-4678-9AF1-EEBD093B7B44}.Debug|Any CPU.Build.0 = Debug|Any CPU
		{4A0D1E87-2994-4678-9AF1-EEBD093B7B44}.Release_woDrawing|Any CPU.ActiveCfg = Release|Any CPU
		{4A0D1E87-2994-4678-9AF1-EEBD093B7B44}.Release_woDrawing|Any CPU.Build.0 = Release|Any CPU
		{4A0D1E87-2994-4678-9AF1-EEBD093B7B44}.Release|Any CPU.ActiveCfg = Release|Any CPU
		{4A0D1E87-2994-4678-9AF1-EEBD093B7B44}.Release|Any CPU.Build.0 = Release|Any CPU
		{22362DF8-4026-4964-8975-ED87871BA07E}.Debug_woDrawing|Any CPU.ActiveCfg = Debug|Any CPU
		{22362DF8-4026-4964-8975-ED87871BA07E}.Debug_woDrawing|Any CPU.Build.0 = Debug|Any CPU
		{22362DF8-4026-4964-8975-ED87871BA07E}.Debug|Any CPU.ActiveCfg = Debug|Any CPU
		{22362DF8-4026-4964-8975-ED87871BA07E}.Debug|Any CPU.Build.0 = Debug|Any CPU
		{22362DF8-4026-4964-8975-ED87871BA07E}.Release_woDrawing|Any CPU.ActiveCfg = Release|Any CPU
		{22362DF8-4026-4964-8975-ED87871BA07E}.Release_woDrawing|Any CPU.Build.0 = Release|Any CPU
		{22362DF8-4026-4964-8975-ED87871BA07E}.Release|Any CPU.ActiveCfg = Release|Any CPU
		{22362DF8-4026-4964-8975-ED87871BA07E}.Release|Any CPU.Build.0 = Release|Any CPU
		{37A93E14-D881-4957-AD44-3615ED65CD57}.Debug_woDrawing|Any CPU.ActiveCfg = Debug|Any CPU
		{37A93E14-D881-4957-AD44-3615ED65CD57}.Debug_woDrawing|Any CPU.Build.0 = Debug|Any CPU
		{37A93E14-D881-4957-AD44-3615ED65CD57}.Debug|Any CPU.ActiveCfg = Debug|Any CPU
		{37A93E14-D881-4957-AD44-3615ED65CD57}.Debug|Any CPU.Build.0 = Debug|Any CPU
		{37A93E14-D881-4957-AD44-3615ED65CD57}.Release_woDrawing|Any CPU.ActiveCfg = Release|Any CPU
		{37A93E14-D881-4957-AD44-3615ED65CD57}.Release_woDrawing|Any CPU.Build.0 = Release|Any CPU
		{37A93E14-D881-4957-AD44-3615ED65CD57}.Release|Any CPU.ActiveCfg = Release|Any CPU
		{37A93E14-D881-4957-AD44-3615ED65CD57}.Release|Any CPU.Build.0 = Release|Any CPU
		{BB41AC8B-CBED-4387-A7E0-4567EDB3F57F}.Debug_woDrawing|Any CPU.ActiveCfg = Debug|Any CPU
		{BB41AC8B-CBED-4387-A7E0-4567EDB3F57F}.Debug_woDrawing|Any CPU.Build.0 = Debug|Any CPU
		{BB41AC8B-CBED-4387-A7E0-4567EDB3F57F}.Debug|Any CPU.ActiveCfg = Debug|Any CPU
		{BB41AC8B-CBED-4387-A7E0-4567EDB3F57F}.Debug|Any CPU.Build.0 = Debug|Any CPU
		{BB41AC8B-CBED-4387-A7E0-4567EDB3F57F}.Release_woDrawing|Any CPU.ActiveCfg = Release|Any CPU
		{BB41AC8B-CBED-4387-A7E0-4567EDB3F57F}.Release_woDrawing|Any CPU.Build.0 = Release|Any CPU
		{BB41AC8B-CBED-4387-A7E0-4567EDB3F57F}.Release|Any CPU.ActiveCfg = Release|Any CPU
		{BB41AC8B-CBED-4387-A7E0-4567EDB3F57F}.Release|Any CPU.Build.0 = Release|Any CPU
		{7316584D-9A16-4280-A8AB-6D45198C6E4D}.Debug_woDrawing|Any CPU.ActiveCfg = Debug|Any CPU
		{7316584D-9A16-4280-A8AB-6D45198C6E4D}.Debug_woDrawing|Any CPU.Build.0 = Debug|Any CPU
		{7316584D-9A16-4280-A8AB-6D45198C6E4D}.Debug|Any CPU.ActiveCfg = Debug|Any CPU
		{7316584D-9A16-4280-A8AB-6D45198C6E4D}.Debug|Any CPU.Build.0 = Debug|Any CPU
		{7316584D-9A16-4280-A8AB-6D45198C6E4D}.Release_woDrawing|Any CPU.ActiveCfg = Release|Any CPU
		{7316584D-9A16-4280-A8AB-6D45198C6E4D}.Release_woDrawing|Any CPU.Build.0 = Release|Any CPU
		{7316584D-9A16-4280-A8AB-6D45198C6E4D}.Release|Any CPU.ActiveCfg = Release|Any CPU
		{7316584D-9A16-4280-A8AB-6D45198C6E4D}.Release|Any CPU.Build.0 = Release|Any CPU
		{5A2FCAE8-C2FA-41BD-90EA-16103EA07B26}.Debug_woDrawing|Any CPU.ActiveCfg = Debug|Any CPU
		{5A2FCAE8-C2FA-41BD-90EA-16103EA07B26}.Debug_woDrawing|Any CPU.Build.0 = Debug|Any CPU
		{5A2FCAE8-C2FA-41BD-90EA-16103EA07B26}.Debug|Any CPU.ActiveCfg = Debug|Any CPU
		{5A2FCAE8-C2FA-41BD-90EA-16103EA07B26}.Debug|Any CPU.Build.0 = Debug|Any CPU
		{5A2FCAE8-C2FA-41BD-90EA-16103EA07B26}.Release_woDrawing|Any CPU.ActiveCfg = Release|Any CPU
		{5A2FCAE8-C2FA-41BD-90EA-16103EA07B26}.Release_woDrawing|Any CPU.Build.0 = Release|Any CPU
		{5A2FCAE8-C2FA-41BD-90EA-16103EA07B26}.Release|Any CPU.ActiveCfg = Release|Any CPU
		{5A2FCAE8-C2FA-41BD-90EA-16103EA07B26}.Release|Any CPU.Build.0 = Release|Any CPU
		{24F9938F-63F3-4443-B543-B3CF8309379D}.Debug_woDrawing|Any CPU.ActiveCfg = Debug|Any CPU
		{24F9938F-63F3-4443-B543-B3CF8309379D}.Debug_woDrawing|Any CPU.Build.0 = Debug|Any CPU
		{24F9938F-63F3-4443-B543-B3CF8309379D}.Debug|Any CPU.ActiveCfg = Debug|Any CPU
		{24F9938F-63F3-4443-B543-B3CF8309379D}.Debug|Any CPU.Build.0 = Debug|Any CPU
		{24F9938F-63F3-4443-B543-B3CF8309379D}.Release_woDrawing|Any CPU.ActiveCfg = Release|Any CPU
		{24F9938F-63F3-4443-B543-B3CF8309379D}.Release_woDrawing|Any CPU.Build.0 = Release|Any CPU
		{24F9938F-63F3-4443-B543-B3CF8309379D}.Release|Any CPU.ActiveCfg = Release|Any CPU
		{24F9938F-63F3-4443-B543-B3CF8309379D}.Release|Any CPU.Build.0 = Release|Any CPU
		{AF988819-4618-4852-9506-C1D06D04F6B2}.Debug_woDrawing|Any CPU.ActiveCfg = Debug|Any CPU
		{AF988819-4618-4852-9506-C1D06D04F6B2}.Debug_woDrawing|Any CPU.Build.0 = Debug|Any CPU
		{AF988819-4618-4852-9506-C1D06D04F6B2}.Debug|Any CPU.ActiveCfg = Debug|Any CPU
		{AF988819-4618-4852-9506-C1D06D04F6B2}.Debug|Any CPU.Build.0 = Debug|Any CPU
		{AF988819-4618-4852-9506-C1D06D04F6B2}.Release_woDrawing|Any CPU.ActiveCfg = Release|Any CPU
		{AF988819-4618-4852-9506-C1D06D04F6B2}.Release_woDrawing|Any CPU.Build.0 = Release|Any CPU
		{AF988819-4618-4852-9506-C1D06D04F6B2}.Release|Any CPU.ActiveCfg = Release|Any CPU
		{AF988819-4618-4852-9506-C1D06D04F6B2}.Release|Any CPU.Build.0 = Release|Any CPU
		{347CF3C4-EE18-4D46-AABF-479B73BF85D6}.Debug_woDrawing|Any CPU.ActiveCfg = Debug|Any CPU
		{347CF3C4-EE18-4D46-AABF-479B73BF85D6}.Debug_woDrawing|Any CPU.Build.0 = Debug|Any CPU
		{347CF3C4-EE18-4D46-AABF-479B73BF85D6}.Debug|Any CPU.ActiveCfg = Debug|Any CPU
		{347CF3C4-EE18-4D46-AABF-479B73BF85D6}.Debug|Any CPU.Build.0 = Debug|Any CPU
		{347CF3C4-EE18-4D46-AABF-479B73BF85D6}.Release_woDrawing|Any CPU.ActiveCfg = Release|Any CPU
		{347CF3C4-EE18-4D46-AABF-479B73BF85D6}.Release_woDrawing|Any CPU.Build.0 = Release|Any CPU
		{347CF3C4-EE18-4D46-AABF-479B73BF85D6}.Release|Any CPU.ActiveCfg = Release|Any CPU
		{347CF3C4-EE18-4D46-AABF-479B73BF85D6}.Release|Any CPU.Build.0 = Release|Any CPU
		{1F09D215-BDAC-4B2A-B063-A97B07ECE5B7}.Debug_woDrawing|Any CPU.ActiveCfg = Debug|Any CPU
		{1F09D215-BDAC-4B2A-B063-A97B07ECE5B7}.Debug_woDrawing|Any CPU.Build.0 = Debug|Any CPU
		{1F09D215-BDAC-4B2A-B063-A97B07ECE5B7}.Debug|Any CPU.ActiveCfg = Debug|Any CPU
		{1F09D215-BDAC-4B2A-B063-A97B07ECE5B7}.Debug|Any CPU.Build.0 = Debug|Any CPU
		{1F09D215-BDAC-4B2A-B063-A97B07ECE5B7}.Release_woDrawing|Any CPU.ActiveCfg = Release|Any CPU
		{1F09D215-BDAC-4B2A-B063-A97B07ECE5B7}.Release_woDrawing|Any CPU.Build.0 = Release|Any CPU
		{1F09D215-BDAC-4B2A-B063-A97B07ECE5B7}.Release|Any CPU.ActiveCfg = Release|Any CPU
		{1F09D215-BDAC-4B2A-B063-A97B07ECE5B7}.Release|Any CPU.Build.0 = Release|Any CPU
		{1264A330-0022-477C-B956-7AD718DEE9CB}.Debug_woDrawing|Any CPU.ActiveCfg = Debug|Any CPU
		{1264A330-0022-477C-B956-7AD718DEE9CB}.Debug_woDrawing|Any CPU.Build.0 = Debug|Any CPU
		{1264A330-0022-477C-B956-7AD718DEE9CB}.Debug|Any CPU.ActiveCfg = Debug|Any CPU
		{1264A330-0022-477C-B956-7AD718DEE9CB}.Debug|Any CPU.Build.0 = Debug|Any CPU
		{1264A330-0022-477C-B956-7AD718DEE9CB}.Release_woDrawing|Any CPU.ActiveCfg = Release|Any CPU
		{1264A330-0022-477C-B956-7AD718DEE9CB}.Release_woDrawing|Any CPU.Build.0 = Release|Any CPU
		{1264A330-0022-477C-B956-7AD718DEE9CB}.Release|Any CPU.ActiveCfg = Release|Any CPU
		{1264A330-0022-477C-B956-7AD718DEE9CB}.Release|Any CPU.Build.0 = Release|Any CPU
		{1C3B3DE6-D939-47DF-9DF6-9C7BBACC0731}.Debug_woDrawing|Any CPU.ActiveCfg = Debug|Any CPU
		{1C3B3DE6-D939-47DF-9DF6-9C7BBACC0731}.Debug_woDrawing|Any CPU.Build.0 = Debug|Any CPU
		{1C3B3DE6-D939-47DF-9DF6-9C7BBACC0731}.Debug|Any CPU.ActiveCfg = Debug|Any CPU
		{1C3B3DE6-D939-47DF-9DF6-9C7BBACC0731}.Debug|Any CPU.Build.0 = Debug|Any CPU
		{1C3B3DE6-D939-47DF-9DF6-9C7BBACC0731}.Release_woDrawing|Any CPU.ActiveCfg = Release|Any CPU
		{1C3B3DE6-D939-47DF-9DF6-9C7BBACC0731}.Release_woDrawing|Any CPU.Build.0 = Release|Any CPU
		{1C3B3DE6-D939-47DF-9DF6-9C7BBACC0731}.Release|Any CPU.ActiveCfg = Release|Any CPU
		{1C3B3DE6-D939-47DF-9DF6-9C7BBACC0731}.Release|Any CPU.Build.0 = Release|Any CPU
		{BA498364-5C53-4C53-AB24-85155B113FB3}.Debug_woDrawing|Any CPU.ActiveCfg = Debug|Any CPU
		{BA498364-5C53-4C53-AB24-85155B113FB3}.Debug_woDrawing|Any CPU.Build.0 = Debug|Any CPU
		{BA498364-5C53-4C53-AB24-85155B113FB3}.Debug|Any CPU.ActiveCfg = Debug|Any CPU
		{BA498364-5C53-4C53-AB24-85155B113FB3}.Debug|Any CPU.Build.0 = Debug|Any CPU
		{BA498364-5C53-4C53-AB24-85155B113FB3}.Release_woDrawing|Any CPU.ActiveCfg = Release|Any CPU
		{BA498364-5C53-4C53-AB24-85155B113FB3}.Release_woDrawing|Any CPU.Build.0 = Release|Any CPU
		{BA498364-5C53-4C53-AB24-85155B113FB3}.Release|Any CPU.ActiveCfg = Release|Any CPU
		{BA498364-5C53-4C53-AB24-85155B113FB3}.Release|Any CPU.Build.0 = Release|Any CPU
		{5E03DC5D-7911-40E2-A332-B08C0A6A4871}.Debug_woDrawing|Any CPU.ActiveCfg = Debug|Any CPU
		{5E03DC5D-7911-40E2-A332-B08C0A6A4871}.Debug_woDrawing|Any CPU.Build.0 = Debug|Any CPU
		{5E03DC5D-7911-40E2-A332-B08C0A6A4871}.Debug|Any CPU.ActiveCfg = Debug|Any CPU
		{5E03DC5D-7911-40E2-A332-B08C0A6A4871}.Debug|Any CPU.Build.0 = Debug|Any CPU
		{5E03DC5D-7911-40E2-A332-B08C0A6A4871}.Release_woDrawing|Any CPU.ActiveCfg = Release|Any CPU
		{5E03DC5D-7911-40E2-A332-B08C0A6A4871}.Release_woDrawing|Any CPU.Build.0 = Release|Any CPU
		{5E03DC5D-7911-40E2-A332-B08C0A6A4871}.Release|Any CPU.ActiveCfg = Release|Any CPU
		{5E03DC5D-7911-40E2-A332-B08C0A6A4871}.Release|Any CPU.Build.0 = Release|Any CPU
		{A3040F6C-DCE1-4905-9B3C-BEDE1BB71CE7}.Debug_woDrawing|Any CPU.ActiveCfg = Debug|Any CPU
		{A3040F6C-DCE1-4905-9B3C-BEDE1BB71CE7}.Debug_woDrawing|Any CPU.Build.0 = Debug|Any CPU
		{A3040F6C-DCE1-4905-9B3C-BEDE1BB71CE7}.Debug|Any CPU.ActiveCfg = Debug|Any CPU
		{A3040F6C-DCE1-4905-9B3C-BEDE1BB71CE7}.Debug|Any CPU.Build.0 = Debug|Any CPU
		{A3040F6C-DCE1-4905-9B3C-BEDE1BB71CE7}.Release_woDrawing|Any CPU.ActiveCfg = Release|Any CPU
		{A3040F6C-DCE1-4905-9B3C-BEDE1BB71CE7}.Release_woDrawing|Any CPU.Build.0 = Release|Any CPU
		{A3040F6C-DCE1-4905-9B3C-BEDE1BB71CE7}.Release|Any CPU.ActiveCfg = Release|Any CPU
		{A3040F6C-DCE1-4905-9B3C-BEDE1BB71CE7}.Release|Any CPU.Build.0 = Release|Any CPU
		{1EF329E4-7F7E-4D15-AADD-D7BAE0A1DD3A}.Debug_woDrawing|Any CPU.ActiveCfg = Debug|Any CPU
		{1EF329E4-7F7E-4D15-AADD-D7BAE0A1DD3A}.Debug_woDrawing|Any CPU.Build.0 = Debug|Any CPU
		{1EF329E4-7F7E-4D15-AADD-D7BAE0A1DD3A}.Debug|Any CPU.ActiveCfg = Debug|Any CPU
		{1EF329E4-7F7E-4D15-AADD-D7BAE0A1DD3A}.Debug|Any CPU.Build.0 = Debug|Any CPU
		{1EF329E4-7F7E-4D15-AADD-D7BAE0A1DD3A}.Release_woDrawing|Any CPU.ActiveCfg = Release|Any CPU
		{1EF329E4-7F7E-4D15-AADD-D7BAE0A1DD3A}.Release_woDrawing|Any CPU.Build.0 = Release|Any CPU
		{1EF329E4-7F7E-4D15-AADD-D7BAE0A1DD3A}.Release|Any CPU.ActiveCfg = Release|Any CPU
		{1EF329E4-7F7E-4D15-AADD-D7BAE0A1DD3A}.Release|Any CPU.Build.0 = Release|Any CPU
		{63344C77-91F8-4705-BF47-F92B09FC7116}.Debug_woDrawing|Any CPU.ActiveCfg = Debug|Any CPU
		{63344C77-91F8-4705-BF47-F92B09FC7116}.Debug_woDrawing|Any CPU.Build.0 = Debug|Any CPU
		{63344C77-91F8-4705-BF47-F92B09FC7116}.Debug|Any CPU.ActiveCfg = Debug|Any CPU
		{63344C77-91F8-4705-BF47-F92B09FC7116}.Debug|Any CPU.Build.0 = Debug|Any CPU
		{63344C77-91F8-4705-BF47-F92B09FC7116}.Release_woDrawing|Any CPU.ActiveCfg = Release|Any CPU
		{63344C77-91F8-4705-BF47-F92B09FC7116}.Release_woDrawing|Any CPU.Build.0 = Release|Any CPU
		{63344C77-91F8-4705-BF47-F92B09FC7116}.Release|Any CPU.ActiveCfg = Release|Any CPU
		{63344C77-91F8-4705-BF47-F92B09FC7116}.Release|Any CPU.Build.0 = Release|Any CPU
		{DA1DE3F9-FA75-485D-8FFF-D0EC38756A4F}.Debug_woDrawing|Any CPU.ActiveCfg = Debug|Any CPU
		{DA1DE3F9-FA75-485D-8FFF-D0EC38756A4F}.Debug_woDrawing|Any CPU.Build.0 = Debug|Any CPU
		{DA1DE3F9-FA75-485D-8FFF-D0EC38756A4F}.Debug|Any CPU.ActiveCfg = Debug|Any CPU
		{DA1DE3F9-FA75-485D-8FFF-D0EC38756A4F}.Debug|Any CPU.Build.0 = Debug|Any CPU
		{DA1DE3F9-FA75-485D-8FFF-D0EC38756A4F}.Release_woDrawing|Any CPU.ActiveCfg = Release|Any CPU
		{DA1DE3F9-FA75-485D-8FFF-D0EC38756A4F}.Release_woDrawing|Any CPU.Build.0 = Release|Any CPU
		{DA1DE3F9-FA75-485D-8FFF-D0EC38756A4F}.Release|Any CPU.ActiveCfg = Release|Any CPU
		{DA1DE3F9-FA75-485D-8FFF-D0EC38756A4F}.Release|Any CPU.Build.0 = Release|Any CPU
		{AF5C40B1-6374-45C8-A992-D0085EB7B16A}.Debug_woDrawing|Any CPU.ActiveCfg = Debug|Any CPU
		{AF5C40B1-6374-45C8-A992-D0085EB7B16A}.Debug_woDrawing|Any CPU.Build.0 = Debug|Any CPU
		{AF5C40B1-6374-45C8-A992-D0085EB7B16A}.Debug|Any CPU.ActiveCfg = Debug|Any CPU
		{AF5C40B1-6374-45C8-A992-D0085EB7B16A}.Debug|Any CPU.Build.0 = Debug|Any CPU
		{AF5C40B1-6374-45C8-A992-D0085EB7B16A}.Release_woDrawing|Any CPU.ActiveCfg = Release|Any CPU
		{AF5C40B1-6374-45C8-A992-D0085EB7B16A}.Release_woDrawing|Any CPU.Build.0 = Release|Any CPU
		{AF5C40B1-6374-45C8-A992-D0085EB7B16A}.Release|Any CPU.ActiveCfg = Release|Any CPU
		{AF5C40B1-6374-45C8-A992-D0085EB7B16A}.Release|Any CPU.Build.0 = Release|Any CPU
		{D23E9D57-97ED-4FE5-9DA1-017B83F39903}.Debug_woDrawing|Any CPU.ActiveCfg = Debug|Any CPU
		{D23E9D57-97ED-4FE5-9DA1-017B83F39903}.Debug_woDrawing|Any CPU.Build.0 = Debug|Any CPU
		{D23E9D57-97ED-4FE5-9DA1-017B83F39903}.Debug|Any CPU.ActiveCfg = Debug|Any CPU
		{D23E9D57-97ED-4FE5-9DA1-017B83F39903}.Debug|Any CPU.Build.0 = Debug|Any CPU
		{D23E9D57-97ED-4FE5-9DA1-017B83F39903}.Release_woDrawing|Any CPU.ActiveCfg = Release|Any CPU
		{D23E9D57-97ED-4FE5-9DA1-017B83F39903}.Release_woDrawing|Any CPU.Build.0 = Release|Any CPU
		{D23E9D57-97ED-4FE5-9DA1-017B83F39903}.Release|Any CPU.ActiveCfg = Release|Any CPU
		{D23E9D57-97ED-4FE5-9DA1-017B83F39903}.Release|Any CPU.Build.0 = Release|Any CPU
		{3992DCD3-3E34-4CBC-A774-6F4606BB5000}.Debug_woDrawing|Any CPU.ActiveCfg = Debug|Any CPU
		{3992DCD3-3E34-4CBC-A774-6F4606BB5000}.Debug_woDrawing|Any CPU.Build.0 = Debug|Any CPU
		{3992DCD3-3E34-4CBC-A774-6F4606BB5000}.Debug|Any CPU.ActiveCfg = Debug|Any CPU
		{3992DCD3-3E34-4CBC-A774-6F4606BB5000}.Debug|Any CPU.Build.0 = Debug|Any CPU
		{3992DCD3-3E34-4CBC-A774-6F4606BB5000}.Release_woDrawing|Any CPU.ActiveCfg = Release|Any CPU
		{3992DCD3-3E34-4CBC-A774-6F4606BB5000}.Release_woDrawing|Any CPU.Build.0 = Release|Any CPU
		{3992DCD3-3E34-4CBC-A774-6F4606BB5000}.Release|Any CPU.ActiveCfg = Release|Any CPU
		{3992DCD3-3E34-4CBC-A774-6F4606BB5000}.Release|Any CPU.Build.0 = Release|Any CPU
		{ABE7D93C-B164-4106-9898-74A2699BDEFD}.Debug_woDrawing|Any CPU.ActiveCfg = Debug|Any CPU
		{ABE7D93C-B164-4106-9898-74A2699BDEFD}.Debug_woDrawing|Any CPU.Build.0 = Debug|Any CPU
		{ABE7D93C-B164-4106-9898-74A2699BDEFD}.Debug|Any CPU.ActiveCfg = Debug|Any CPU
		{ABE7D93C-B164-4106-9898-74A2699BDEFD}.Debug|Any CPU.Build.0 = Debug|Any CPU
		{ABE7D93C-B164-4106-9898-74A2699BDEFD}.Release_woDrawing|Any CPU.ActiveCfg = Release|Any CPU
		{ABE7D93C-B164-4106-9898-74A2699BDEFD}.Release_woDrawing|Any CPU.Build.0 = Release|Any CPU
		{ABE7D93C-B164-4106-9898-74A2699BDEFD}.Release|Any CPU.ActiveCfg = Release|Any CPU
		{ABE7D93C-B164-4106-9898-74A2699BDEFD}.Release|Any CPU.Build.0 = Release|Any CPU
		{B9B66E61-CBC1-44C8-AB7A-E783FC24BC85}.Debug_woDrawing|Any CPU.ActiveCfg = Debug|Any CPU
		{B9B66E61-CBC1-44C8-AB7A-E783FC24BC85}.Debug_woDrawing|Any CPU.Build.0 = Debug|Any CPU
		{B9B66E61-CBC1-44C8-AB7A-E783FC24BC85}.Debug|Any CPU.ActiveCfg = Debug|Any CPU
		{B9B66E61-CBC1-44C8-AB7A-E783FC24BC85}.Debug|Any CPU.Build.0 = Debug|Any CPU
		{B9B66E61-CBC1-44C8-AB7A-E783FC24BC85}.Release_woDrawing|Any CPU.ActiveCfg = Release|Any CPU
		{B9B66E61-CBC1-44C8-AB7A-E783FC24BC85}.Release_woDrawing|Any CPU.Build.0 = Release|Any CPU
		{B9B66E61-CBC1-44C8-AB7A-E783FC24BC85}.Release|Any CPU.ActiveCfg = Release|Any CPU
		{B9B66E61-CBC1-44C8-AB7A-E783FC24BC85}.Release|Any CPU.Build.0 = Release|Any CPU
		{13C4D64A-BADE-42EB-BC7D-5C96F029B29A}.Debug_woDrawing|Any CPU.ActiveCfg = Debug|Any CPU
		{13C4D64A-BADE-42EB-BC7D-5C96F029B29A}.Debug_woDrawing|Any CPU.Build.0 = Debug|Any CPU
		{13C4D64A-BADE-42EB-BC7D-5C96F029B29A}.Debug|Any CPU.ActiveCfg = Debug|Any CPU
		{13C4D64A-BADE-42EB-BC7D-5C96F029B29A}.Debug|Any CPU.Build.0 = Debug|Any CPU
		{13C4D64A-BADE-42EB-BC7D-5C96F029B29A}.Release_woDrawing|Any CPU.ActiveCfg = Release|Any CPU
		{13C4D64A-BADE-42EB-BC7D-5C96F029B29A}.Release_woDrawing|Any CPU.Build.0 = Release|Any CPU
		{13C4D64A-BADE-42EB-BC7D-5C96F029B29A}.Release|Any CPU.ActiveCfg = Release|Any CPU
		{13C4D64A-BADE-42EB-BC7D-5C96F029B29A}.Release|Any CPU.Build.0 = Release|Any CPU
		{99B7FE7A-ABB2-42A9-BD73-5E2EDACABD71}.Debug_woDrawing|Any CPU.ActiveCfg = Debug|Any CPU
		{99B7FE7A-ABB2-42A9-BD73-5E2EDACABD71}.Debug_woDrawing|Any CPU.Build.0 = Debug|Any CPU
		{99B7FE7A-ABB2-42A9-BD73-5E2EDACABD71}.Debug|Any CPU.ActiveCfg = Debug|Any CPU
		{99B7FE7A-ABB2-42A9-BD73-5E2EDACABD71}.Debug|Any CPU.Build.0 = Debug|Any CPU
		{99B7FE7A-ABB2-42A9-BD73-5E2EDACABD71}.Release_woDrawing|Any CPU.ActiveCfg = Release|Any CPU
		{99B7FE7A-ABB2-42A9-BD73-5E2EDACABD71}.Release_woDrawing|Any CPU.Build.0 = Release|Any CPU
		{99B7FE7A-ABB2-42A9-BD73-5E2EDACABD71}.Release|Any CPU.ActiveCfg = Release|Any CPU
		{99B7FE7A-ABB2-42A9-BD73-5E2EDACABD71}.Release|Any CPU.Build.0 = Release|Any CPU
		{ED670A51-6BAA-4D4E-9B41-A8D6B5EDC9F3}.Debug_woDrawing|Any CPU.ActiveCfg = Debug|Any CPU
		{ED670A51-6BAA-4D4E-9B41-A8D6B5EDC9F3}.Debug_woDrawing|Any CPU.Build.0 = Debug|Any CPU
		{ED670A51-6BAA-4D4E-9B41-A8D6B5EDC9F3}.Debug|Any CPU.ActiveCfg = Debug|Any CPU
		{ED670A51-6BAA-4D4E-9B41-A8D6B5EDC9F3}.Debug|Any CPU.Build.0 = Debug|Any CPU
		{ED670A51-6BAA-4D4E-9B41-A8D6B5EDC9F3}.Release_woDrawing|Any CPU.ActiveCfg = Release|Any CPU
		{ED670A51-6BAA-4D4E-9B41-A8D6B5EDC9F3}.Release_woDrawing|Any CPU.Build.0 = Release|Any CPU
		{ED670A51-6BAA-4D4E-9B41-A8D6B5EDC9F3}.Release|Any CPU.ActiveCfg = Release|Any CPU
		{ED670A51-6BAA-4D4E-9B41-A8D6B5EDC9F3}.Release|Any CPU.Build.0 = Release|Any CPU
		{5407A7DC-CED9-4BD8-BA93-0B5B241292C1}.Debug_woDrawing|Any CPU.ActiveCfg = Debug|Any CPU
		{5407A7DC-CED9-4BD8-BA93-0B5B241292C1}.Debug_woDrawing|Any CPU.Build.0 = Debug|Any CPU
		{5407A7DC-CED9-4BD8-BA93-0B5B241292C1}.Debug|Any CPU.ActiveCfg = Debug|Any CPU
		{5407A7DC-CED9-4BD8-BA93-0B5B241292C1}.Debug|Any CPU.Build.0 = Debug|Any CPU
		{5407A7DC-CED9-4BD8-BA93-0B5B241292C1}.Release_woDrawing|Any CPU.ActiveCfg = Release|Any CPU
		{5407A7DC-CED9-4BD8-BA93-0B5B241292C1}.Release_woDrawing|Any CPU.Build.0 = Release|Any CPU
		{5407A7DC-CED9-4BD8-BA93-0B5B241292C1}.Release|Any CPU.ActiveCfg = Release|Any CPU
		{5407A7DC-CED9-4BD8-BA93-0B5B241292C1}.Release|Any CPU.Build.0 = Release|Any CPU
		{D1FBA88A-46CD-4711-A215-D0C164C11147}.Debug_woDrawing|Any CPU.ActiveCfg = Debug|Any CPU
		{D1FBA88A-46CD-4711-A215-D0C164C11147}.Debug_woDrawing|Any CPU.Build.0 = Debug|Any CPU
		{D1FBA88A-46CD-4711-A215-D0C164C11147}.Debug|Any CPU.ActiveCfg = Debug|Any CPU
		{D1FBA88A-46CD-4711-A215-D0C164C11147}.Debug|Any CPU.Build.0 = Debug|Any CPU
		{D1FBA88A-46CD-4711-A215-D0C164C11147}.Release_woDrawing|Any CPU.ActiveCfg = Release|Any CPU
		{D1FBA88A-46CD-4711-A215-D0C164C11147}.Release_woDrawing|Any CPU.Build.0 = Release|Any CPU
		{D1FBA88A-46CD-4711-A215-D0C164C11147}.Release|Any CPU.ActiveCfg = Release|Any CPU
		{D1FBA88A-46CD-4711-A215-D0C164C11147}.Release|Any CPU.Build.0 = Release|Any CPU
		{52182E2B-C78B-45CA-A6CB-E1FB1E455761}.Debug_woDrawing|Any CPU.ActiveCfg = Debug|Any CPU
		{52182E2B-C78B-45CA-A6CB-E1FB1E455761}.Debug_woDrawing|Any CPU.Build.0 = Debug|Any CPU
		{52182E2B-C78B-45CA-A6CB-E1FB1E455761}.Debug|Any CPU.ActiveCfg = Debug|Any CPU
		{52182E2B-C78B-45CA-A6CB-E1FB1E455761}.Debug|Any CPU.Build.0 = Debug|Any CPU
		{52182E2B-C78B-45CA-A6CB-E1FB1E455761}.Release_woDrawing|Any CPU.ActiveCfg = Release|Any CPU
		{52182E2B-C78B-45CA-A6CB-E1FB1E455761}.Release_woDrawing|Any CPU.Build.0 = Release|Any CPU
		{52182E2B-C78B-45CA-A6CB-E1FB1E455761}.Release|Any CPU.ActiveCfg = Release|Any CPU
		{52182E2B-C78B-45CA-A6CB-E1FB1E455761}.Release|Any CPU.Build.0 = Release|Any CPU
		{3E93064D-98F4-4ECA-9003-2F531D8D3F03}.Debug_woDrawing|Any CPU.ActiveCfg = Debug|Any CPU
		{3E93064D-98F4-4ECA-9003-2F531D8D3F03}.Debug_woDrawing|Any CPU.Build.0 = Debug|Any CPU
		{3E93064D-98F4-4ECA-9003-2F531D8D3F03}.Debug|Any CPU.ActiveCfg = Debug|Any CPU
		{3E93064D-98F4-4ECA-9003-2F531D8D3F03}.Debug|Any CPU.Build.0 = Debug|Any CPU
		{3E93064D-98F4-4ECA-9003-2F531D8D3F03}.Release_woDrawing|Any CPU.ActiveCfg = Release|Any CPU
		{3E93064D-98F4-4ECA-9003-2F531D8D3F03}.Release_woDrawing|Any CPU.Build.0 = Release|Any CPU
		{3E93064D-98F4-4ECA-9003-2F531D8D3F03}.Release|Any CPU.ActiveCfg = Release|Any CPU
		{3E93064D-98F4-4ECA-9003-2F531D8D3F03}.Release|Any CPU.Build.0 = Release|Any CPU
		{0617BEE5-C255-42A4-A94C-E5073161EE55}.Debug_woDrawing|Any CPU.ActiveCfg = Debug|Any CPU
		{0617BEE5-C255-42A4-A94C-E5073161EE55}.Debug_woDrawing|Any CPU.Build.0 = Debug|Any CPU
		{0617BEE5-C255-42A4-A94C-E5073161EE55}.Debug|Any CPU.ActiveCfg = Debug|Any CPU
		{0617BEE5-C255-42A4-A94C-E5073161EE55}.Debug|Any CPU.Build.0 = Debug|Any CPU
		{0617BEE5-C255-42A4-A94C-E5073161EE55}.Release_woDrawing|Any CPU.ActiveCfg = Release|Any CPU
		{0617BEE5-C255-42A4-A94C-E5073161EE55}.Release_woDrawing|Any CPU.Build.0 = Release|Any CPU
		{0617BEE5-C255-42A4-A94C-E5073161EE55}.Release|Any CPU.ActiveCfg = Release|Any CPU
		{0617BEE5-C255-42A4-A94C-E5073161EE55}.Release|Any CPU.Build.0 = Release|Any CPU
		{55DF978B-6904-49F3-BA40-56570033BEED}.Debug_woDrawing|Any CPU.ActiveCfg = Debug|Any CPU
		{55DF978B-6904-49F3-BA40-56570033BEED}.Debug_woDrawing|Any CPU.Build.0 = Debug|Any CPU
		{55DF978B-6904-49F3-BA40-56570033BEED}.Debug|Any CPU.ActiveCfg = Debug|Any CPU
		{55DF978B-6904-49F3-BA40-56570033BEED}.Debug|Any CPU.Build.0 = Debug|Any CPU
		{55DF978B-6904-49F3-BA40-56570033BEED}.Release_woDrawing|Any CPU.ActiveCfg = Release|Any CPU
		{55DF978B-6904-49F3-BA40-56570033BEED}.Release_woDrawing|Any CPU.Build.0 = Release|Any CPU
		{55DF978B-6904-49F3-BA40-56570033BEED}.Release|Any CPU.ActiveCfg = Release|Any CPU
		{55DF978B-6904-49F3-BA40-56570033BEED}.Release|Any CPU.Build.0 = Release|Any CPU
		{54B1AF2D-94D3-41E3-8D15-6F93FD7B8C68}.Debug_woDrawing|Any CPU.ActiveCfg = Debug|Any CPU
		{54B1AF2D-94D3-41E3-8D15-6F93FD7B8C68}.Debug_woDrawing|Any CPU.Build.0 = Debug|Any CPU
		{54B1AF2D-94D3-41E3-8D15-6F93FD7B8C68}.Debug|Any CPU.ActiveCfg = Debug|Any CPU
		{54B1AF2D-94D3-41E3-8D15-6F93FD7B8C68}.Debug|Any CPU.Build.0 = Debug|Any CPU
		{54B1AF2D-94D3-41E3-8D15-6F93FD7B8C68}.Release_woDrawing|Any CPU.ActiveCfg = Release|Any CPU
		{54B1AF2D-94D3-41E3-8D15-6F93FD7B8C68}.Release_woDrawing|Any CPU.Build.0 = Release|Any CPU
		{54B1AF2D-94D3-41E3-8D15-6F93FD7B8C68}.Release|Any CPU.ActiveCfg = Release|Any CPU
		{54B1AF2D-94D3-41E3-8D15-6F93FD7B8C68}.Release|Any CPU.Build.0 = Release|Any CPU
		{EBC28336-2313-4CE1-8711-5DDF907FB7C0}.Debug_woDrawing|Any CPU.ActiveCfg = Debug|Any CPU
		{EBC28336-2313-4CE1-8711-5DDF907FB7C0}.Debug_woDrawing|Any CPU.Build.0 = Debug|Any CPU
		{EBC28336-2313-4CE1-8711-5DDF907FB7C0}.Debug|Any CPU.ActiveCfg = Debug|Any CPU
		{EBC28336-2313-4CE1-8711-5DDF907FB7C0}.Debug|Any CPU.Build.0 = Debug|Any CPU
		{EBC28336-2313-4CE1-8711-5DDF907FB7C0}.Release_woDrawing|Any CPU.ActiveCfg = Release|Any CPU
		{EBC28336-2313-4CE1-8711-5DDF907FB7C0}.Release_woDrawing|Any CPU.Build.0 = Release|Any CPU
		{EBC28336-2313-4CE1-8711-5DDF907FB7C0}.Release|Any CPU.ActiveCfg = Release|Any CPU
		{EBC28336-2313-4CE1-8711-5DDF907FB7C0}.Release|Any CPU.Build.0 = Release|Any CPU
		{EDA09FC4-82AE-4AD1-9320-E4314E5A45B0}.Debug_woDrawing|Any CPU.ActiveCfg = Debug|Any CPU
		{EDA09FC4-82AE-4AD1-9320-E4314E5A45B0}.Debug_woDrawing|Any CPU.Build.0 = Debug|Any CPU
		{EDA09FC4-82AE-4AD1-9320-E4314E5A45B0}.Debug|Any CPU.ActiveCfg = Debug|Any CPU
		{EDA09FC4-82AE-4AD1-9320-E4314E5A45B0}.Debug|Any CPU.Build.0 = Debug|Any CPU
		{EDA09FC4-82AE-4AD1-9320-E4314E5A45B0}.Release_woDrawing|Any CPU.ActiveCfg = Release|Any CPU
		{EDA09FC4-82AE-4AD1-9320-E4314E5A45B0}.Release_woDrawing|Any CPU.Build.0 = Release|Any CPU
		{EDA09FC4-82AE-4AD1-9320-E4314E5A45B0}.Release|Any CPU.ActiveCfg = Release|Any CPU
		{EDA09FC4-82AE-4AD1-9320-E4314E5A45B0}.Release|Any CPU.Build.0 = Release|Any CPU
		{AE3A9FD9-91C5-4AC6-9328-612632D89EF5}.Debug_woDrawing|Any CPU.ActiveCfg = Debug|Any CPU
		{AE3A9FD9-91C5-4AC6-9328-612632D89EF5}.Debug_woDrawing|Any CPU.Build.0 = Debug|Any CPU
		{AE3A9FD9-91C5-4AC6-9328-612632D89EF5}.Debug|Any CPU.ActiveCfg = Debug|Any CPU
		{AE3A9FD9-91C5-4AC6-9328-612632D89EF5}.Debug|Any CPU.Build.0 = Debug|Any CPU
		{AE3A9FD9-91C5-4AC6-9328-612632D89EF5}.Release_woDrawing|Any CPU.ActiveCfg = Release|Any CPU
		{AE3A9FD9-91C5-4AC6-9328-612632D89EF5}.Release_woDrawing|Any CPU.Build.0 = Release|Any CPU
		{AE3A9FD9-91C5-4AC6-9328-612632D89EF5}.Release|Any CPU.ActiveCfg = Release|Any CPU
		{AE3A9FD9-91C5-4AC6-9328-612632D89EF5}.Release|Any CPU.Build.0 = Release|Any CPU
		{4B640F18-0D97-4642-9C8D-6D00901B9B67}.Debug_woDrawing|Any CPU.ActiveCfg = Debug|Any CPU
		{4B640F18-0D97-4642-9C8D-6D00901B9B67}.Debug_woDrawing|Any CPU.Build.0 = Debug|Any CPU
		{4B640F18-0D97-4642-9C8D-6D00901B9B67}.Debug|Any CPU.ActiveCfg = Debug|Any CPU
		{4B640F18-0D97-4642-9C8D-6D00901B9B67}.Debug|Any CPU.Build.0 = Debug|Any CPU
		{4B640F18-0D97-4642-9C8D-6D00901B9B67}.Release_woDrawing|Any CPU.ActiveCfg = Release|Any CPU
		{4B640F18-0D97-4642-9C8D-6D00901B9B67}.Release_woDrawing|Any CPU.Build.0 = Release|Any CPU
		{4B640F18-0D97-4642-9C8D-6D00901B9B67}.Release|Any CPU.ActiveCfg = Release|Any CPU
		{4B640F18-0D97-4642-9C8D-6D00901B9B67}.Release|Any CPU.Build.0 = Release|Any CPU
		{2D9BCC1E-BFF3-417B-90AF-5B7A273A8F95}.Debug_woDrawing|Any CPU.ActiveCfg = Debug|Any CPU
		{2D9BCC1E-BFF3-417B-90AF-5B7A273A8F95}.Debug_woDrawing|Any CPU.Build.0 = Debug|Any CPU
		{2D9BCC1E-BFF3-417B-90AF-5B7A273A8F95}.Debug|Any CPU.ActiveCfg = Debug|Any CPU
		{2D9BCC1E-BFF3-417B-90AF-5B7A273A8F95}.Debug|Any CPU.Build.0 = Debug|Any CPU
		{2D9BCC1E-BFF3-417B-90AF-5B7A273A8F95}.Release_woDrawing|Any CPU.ActiveCfg = Release|Any CPU
		{2D9BCC1E-BFF3-417B-90AF-5B7A273A8F95}.Release_woDrawing|Any CPU.Build.0 = Release|Any CPU
		{2D9BCC1E-BFF3-417B-90AF-5B7A273A8F95}.Release|Any CPU.ActiveCfg = Release|Any CPU
		{2D9BCC1E-BFF3-417B-90AF-5B7A273A8F95}.Release|Any CPU.Build.0 = Release|Any CPU
		{8DE7A113-CD6F-4D73-A4F7-7DB8493DD997}.Debug_woDrawing|Any CPU.ActiveCfg = Debug|Any CPU
		{8DE7A113-CD6F-4D73-A4F7-7DB8493DD997}.Debug_woDrawing|Any CPU.Build.0 = Debug|Any CPU
		{8DE7A113-CD6F-4D73-A4F7-7DB8493DD997}.Debug|Any CPU.ActiveCfg = Debug|Any CPU
		{8DE7A113-CD6F-4D73-A4F7-7DB8493DD997}.Debug|Any CPU.Build.0 = Debug|Any CPU
		{8DE7A113-CD6F-4D73-A4F7-7DB8493DD997}.Release_woDrawing|Any CPU.ActiveCfg = Release|Any CPU
		{8DE7A113-CD6F-4D73-A4F7-7DB8493DD997}.Release_woDrawing|Any CPU.Build.0 = Release|Any CPU
		{8DE7A113-CD6F-4D73-A4F7-7DB8493DD997}.Release|Any CPU.ActiveCfg = Release|Any CPU
		{8DE7A113-CD6F-4D73-A4F7-7DB8493DD997}.Release|Any CPU.Build.0 = Release|Any CPU
		{7726566D-27CD-4504-BFAB-628BB771B1C1}.Debug_woDrawing|Any CPU.ActiveCfg = Debug|Any CPU
		{7726566D-27CD-4504-BFAB-628BB771B1C1}.Debug_woDrawing|Any CPU.Build.0 = Debug|Any CPU
		{7726566D-27CD-4504-BFAB-628BB771B1C1}.Debug|Any CPU.ActiveCfg = Debug|Any CPU
		{7726566D-27CD-4504-BFAB-628BB771B1C1}.Debug|Any CPU.Build.0 = Debug|Any CPU
		{7726566D-27CD-4504-BFAB-628BB771B1C1}.Release_woDrawing|Any CPU.ActiveCfg = Release|Any CPU
		{7726566D-27CD-4504-BFAB-628BB771B1C1}.Release_woDrawing|Any CPU.Build.0 = Release|Any CPU
		{7726566D-27CD-4504-BFAB-628BB771B1C1}.Release|Any CPU.ActiveCfg = Release|Any CPU
		{7726566D-27CD-4504-BFAB-628BB771B1C1}.Release|Any CPU.Build.0 = Release|Any CPU
	EndGlobalSection
	GlobalSection(SolutionProperties) = preSolution
		HideSolutionNode = FALSE
	EndGlobalSection
	GlobalSection(NestedProjects) = preSolution
		{BB41AC8B-CBED-4387-A7E0-4567EDB3F57F} = {E1EDF029-0BE4-42A7-9068-5D0AEFD671CC}
		{7316584D-9A16-4280-A8AB-6D45198C6E4D} = {E1EDF029-0BE4-42A7-9068-5D0AEFD671CC}
		{5A2FCAE8-C2FA-41BD-90EA-16103EA07B26} = {E1EDF029-0BE4-42A7-9068-5D0AEFD671CC}
		{AF988819-4618-4852-9506-C1D06D04F6B2} = {E1EDF029-0BE4-42A7-9068-5D0AEFD671CC}
		{1F09D215-BDAC-4B2A-B063-A97B07ECE5B7} = {8545F389-653C-4100-B042-41BF3C1391E4}
		{1264A330-0022-477C-B956-7AD718DEE9CB} = {8545F389-653C-4100-B042-41BF3C1391E4}
		{1C3B3DE6-D939-47DF-9DF6-9C7BBACC0731} = {8545F389-653C-4100-B042-41BF3C1391E4}
		{BA498364-5C53-4C53-AB24-85155B113FB3} = {8545F389-653C-4100-B042-41BF3C1391E4}
		{5E03DC5D-7911-40E2-A332-B08C0A6A4871} = {8545F389-653C-4100-B042-41BF3C1391E4}
		{A3040F6C-DCE1-4905-9B3C-BEDE1BB71CE7} = {8545F389-653C-4100-B042-41BF3C1391E4}
		{1EF329E4-7F7E-4D15-AADD-D7BAE0A1DD3A} = {8545F389-653C-4100-B042-41BF3C1391E4}
		{63344C77-91F8-4705-BF47-F92B09FC7116} = {8545F389-653C-4100-B042-41BF3C1391E4}
		{DA1DE3F9-FA75-485D-8FFF-D0EC38756A4F} = {8545F389-653C-4100-B042-41BF3C1391E4}
		{AF5C40B1-6374-45C8-A992-D0085EB7B16A} = {8545F389-653C-4100-B042-41BF3C1391E4}
		{A92A3EC7-972A-48BC-A7AF-9CCF587E2255} = {8545F389-653C-4100-B042-41BF3C1391E4}
		{3992DCD3-3E34-4CBC-A774-6F4606BB5000} = {A92A3EC7-972A-48BC-A7AF-9CCF587E2255}
		{ABE7D93C-B164-4106-9898-74A2699BDEFD} = {A92A3EC7-972A-48BC-A7AF-9CCF587E2255}
		{B9B66E61-CBC1-44C8-AB7A-E783FC24BC85} = {A92A3EC7-972A-48BC-A7AF-9CCF587E2255}
		{13C4D64A-BADE-42EB-BC7D-5C96F029B29A} = {8545F389-653C-4100-B042-41BF3C1391E4}
		{99B7FE7A-ABB2-42A9-BD73-5E2EDACABD71} = {8545F389-653C-4100-B042-41BF3C1391E4}
		{7E100213-1FFB-4438-A72D-6948CE0AFE50} = {A3D8E287-B14E-4C63-9E1F-25C71F984FFB}
		{ED670A51-6BAA-4D4E-9B41-A8D6B5EDC9F3} = {7E100213-1FFB-4438-A72D-6948CE0AFE50}
		{5407A7DC-CED9-4BD8-BA93-0B5B241292C1} = {7E100213-1FFB-4438-A72D-6948CE0AFE50}
		{D1FBA88A-46CD-4711-A215-D0C164C11147} = {7E100213-1FFB-4438-A72D-6948CE0AFE50}
		{52182E2B-C78B-45CA-A6CB-E1FB1E455761} = {A3D8E287-B14E-4C63-9E1F-25C71F984FFB}
		{3E93064D-98F4-4ECA-9003-2F531D8D3F03} = {A3D8E287-B14E-4C63-9E1F-25C71F984FFB}
		{0617BEE5-C255-42A4-A94C-E5073161EE55} = {A3D8E287-B14E-4C63-9E1F-25C71F984FFB}
		{55DF978B-6904-49F3-BA40-56570033BEED} = {A3D8E287-B14E-4C63-9E1F-25C71F984FFB}
		{54B1AF2D-94D3-41E3-8D15-6F93FD7B8C68} = {A3D8E287-B14E-4C63-9E1F-25C71F984FFB}
		{EBC28336-2313-4CE1-8711-5DDF907FB7C0} = {A3D8E287-B14E-4C63-9E1F-25C71F984FFB}
		{EDA09FC4-82AE-4AD1-9320-E4314E5A45B0} = {A3D8E287-B14E-4C63-9E1F-25C71F984FFB}
		{AE3A9FD9-91C5-4AC6-9328-612632D89EF5} = {A3D8E287-B14E-4C63-9E1F-25C71F984FFB}
		{4B640F18-0D97-4642-9C8D-6D00901B9B67} = {A3D8E287-B14E-4C63-9E1F-25C71F984FFB}
		{2D9BCC1E-BFF3-417B-90AF-5B7A273A8F95} = {A3D8E287-B14E-4C63-9E1F-25C71F984FFB}
		{8DE7A113-CD6F-4D73-A4F7-7DB8493DD997} = {A3D8E287-B14E-4C63-9E1F-25C71F984FFB}
		{7726566D-27CD-4504-BFAB-628BB771B1C1} = {A3D8E287-B14E-4C63-9E1F-25C71F984FFB}
	EndGlobalSection
	GlobalSection(SubversionScc) = preSolution
		Svn-Managed = True
		Manager = AnkhSVN - Subversion Support for Visual Studio
	EndGlobalSection
EndGlobal
