Microsoft Visual Studio Solution File, Format Version 12.00
# Visual Studio 2013
VisualStudioVersion = 12.0.40629.0
MinimumVisualStudioVersion = 10.0.40219.1
Project("{2150E333-8FDC-42A3-9474-1A3956D46DE8}") = "net35", "net35", "{8545F389-653C-4100-B042-41BF3C1391E4}"
EndProject
Project("{FAE04EC0-301F-11D3-BF4B-00C04F79EFBC}") = "NFe.Certificado3.5", "NFe.Certificado\NFe.Certificado3.5.csproj", "{BA498364-5C53-4C53-AB24-85155B113FB3}"
EndProject
Project("{FAE04EC0-301F-11D3-BF4B-00C04F79EFBC}") = "NFe.Components3.5", "NFe.Components\NFe.Components3.5.csproj", "{1F09D215-BDAC-4B2A-B063-A97B07ECE5B7}"
EndProject
Project("{FAE04EC0-301F-11D3-BF4B-00C04F79EFBC}") = "NFe.Components.Info3.5", "NFe.Components.Info\NFe.Components.Info3.5.csproj", "{5E03DC5D-7911-40E2-A332-B08C0A6A4871}"
EndProject
Project("{FAE04EC0-301F-11D3-BF4B-00C04F79EFBC}") = "NFe.Components.Wsdl3.5", "NFe.Components.Wsdl\NFe.Components.Wsdl3.5.csproj", "{AF5C40B1-6374-45C8-A992-D0085EB7B16A}"
EndProject
Project("{FAE04EC0-301F-11D3-BF4B-00C04F79EFBC}") = "NFe.ConvertTxt3.5", "NFe.ConvertTxt\NFe.ConvertTxt3.5.csproj", "{1264A330-0022-477C-B956-7AD718DEE9CB}"
EndProject
Project("{FAE04EC0-301F-11D3-BF4B-00C04F79EFBC}") = "NFe.Service3.5", "NFe.Service\NFe.Service3.5.csproj", "{1EF329E4-7F7E-4D15-AADD-D7BAE0A1DD3A}"
EndProject
Project("{FAE04EC0-301F-11D3-BF4B-00C04F79EFBC}") = "NFe.Settings3.5", "NFe.Settings\NFe.Settings3.5.csproj", "{1C3B3DE6-D939-47DF-9DF6-9C7BBACC0731}"
EndProject
Project("{FAE04EC0-301F-11D3-BF4B-00C04F79EFBC}") = "NFe.Threadings3.5", "NFe.Threadings\NFe.Threadings3.5.csproj", "{63344C77-91F8-4705-BF47-F92B09FC7116}"
EndProject
Project("{FAE04EC0-301F-11D3-BF4B-00C04F79EFBC}") = "NFe.UI3.5", "NFe.UI\NFe.UI3.5.csproj", "{13C4D64A-BADE-42EB-BC7D-5C96F029B29A}"
EndProject
Project("{FAE04EC0-301F-11D3-BF4B-00C04F79EFBC}") = "NFe.Validate3.5", "NFe.Validate\NFe.Validate3.5.csproj", "{A3040F6C-DCE1-4905-9B3C-BEDE1BB71CE7}"
EndProject
Project("{FAE04EC0-301F-11D3-BF4B-00C04F79EFBC}") = "uninfe3.5", "uninfe\uninfe3.5.csproj", "{99B7FE7A-ABB2-42A9-BD73-5E2EDACABD71}"
EndProject
Project("{FAE04EC0-301F-11D3-BF4B-00C04F79EFBC}") = "UniNFeServico3.5", "UniNFeServico\UniNFeServico3.5.csproj", "{DA1DE3F9-FA75-485D-8FFF-D0EC38756A4F}"
EndProject
Project("{2150E333-8FDC-42A3-9474-1A3956D46DE8}") = "MetroFrameWork", "MetroFrameWork", "{AF6654C8-3182-480C-B86C-815225EA0074}"
EndProject
Project("{FAE04EC0-301F-11D3-BF4B-00C04F79EFBC}") = "MetroFramework3.5", "MetroFramework\MetroFramework\MetroFramework3.5.csproj", "{3992DCD3-3E34-4CBC-A774-6F4606BB5000}"
EndProject
Project("{FAE04EC0-301F-11D3-BF4B-00C04F79EFBC}") = "MetroFramework.Design3.5", "MetroFramework\MetroFramework.Design\MetroFramework.Design3.5.csproj", "{ABE7D93C-B164-4106-9898-74A2699BDEFD}"
EndProject
Project("{FAE04EC0-301F-11D3-BF4B-00C04F79EFBC}") = "MetroFramework.Fonts3.5", "MetroFramework\MetroFramework.Fonts\MetroFramework.Fonts3.5.csproj", "{B9B66E61-CBC1-44C8-AB7A-E783FC24BC85}"
EndProject
Global
	GlobalSection(SolutionConfigurationPlatforms) = preSolution
		Debug|Any CPU = Debug|Any CPU
		Release|Any CPU = Release|Any CPU
	EndGlobalSection
	GlobalSection(ProjectConfigurationPlatforms) = postSolution
		{BA498364-5C53-4C53-AB24-85155B113FB3}.Debug|Any CPU.ActiveCfg = Debug|Any CPU
		{BA498364-5C53-4C53-AB24-85155B113FB3}.Debug|Any CPU.Build.0 = Debug|Any CPU
		{BA498364-5C53-4C53-AB24-85155B113FB3}.Release|Any CPU.ActiveCfg = Release|Any CPU
		{BA498364-5C53-4C53-AB24-85155B113FB3}.Release|Any CPU.Build.0 = Release|Any CPU
		{1F09D215-BDAC-4B2A-B063-A97B07ECE5B7}.Debug|Any CPU.ActiveCfg = Debug|Any CPU
		{1F09D215-BDAC-4B2A-B063-A97B07ECE5B7}.Debug|Any CPU.Build.0 = Debug|Any CPU
		{1F09D215-BDAC-4B2A-B063-A97B07ECE5B7}.Release|Any CPU.ActiveCfg = Release|Any CPU
		{1F09D215-BDAC-4B2A-B063-A97B07ECE5B7}.Release|Any CPU.Build.0 = Release|Any CPU
		{5E03DC5D-7911-40E2-A332-B08C0A6A4871}.Debug|Any CPU.ActiveCfg = Debug|Any CPU
		{5E03DC5D-7911-40E2-A332-B08C0A6A4871}.Debug|Any CPU.Build.0 = Debug|Any CPU
		{5E03DC5D-7911-40E2-A332-B08C0A6A4871}.Release|Any CPU.ActiveCfg = Release|Any CPU
		{5E03DC5D-7911-40E2-A332-B08C0A6A4871}.Release|Any CPU.Build.0 = Release|Any CPU
		{AF5C40B1-6374-45C8-A992-D0085EB7B16A}.Debug|Any CPU.ActiveCfg = Debug|Any CPU
		{AF5C40B1-6374-45C8-A992-D0085EB7B16A}.Debug|Any CPU.Build.0 = Debug|Any CPU
		{AF5C40B1-6374-45C8-A992-D0085EB7B16A}.Release|Any CPU.ActiveCfg = Release|Any CPU
		{AF5C40B1-6374-45C8-A992-D0085EB7B16A}.Release|Any CPU.Build.0 = Release|Any CPU
		{1264A330-0022-477C-B956-7AD718DEE9CB}.Debug|Any CPU.ActiveCfg = Debug|Any CPU
		{1264A330-0022-477C-B956-7AD718DEE9CB}.Debug|Any CPU.Build.0 = Debug|Any CPU
		{1264A330-0022-477C-B956-7AD718DEE9CB}.Release|Any CPU.ActiveCfg = Release|Any CPU
		{1264A330-0022-477C-B956-7AD718DEE9CB}.Release|Any CPU.Build.0 = Release|Any CPU
		{1EF329E4-7F7E-4D15-AADD-D7BAE0A1DD3A}.Debug|Any CPU.ActiveCfg = Debug|Any CPU
		{1EF329E4-7F7E-4D15-AADD-D7BAE0A1DD3A}.Debug|Any CPU.Build.0 = Debug|Any CPU
		{1EF329E4-7F7E-4D15-AADD-D7BAE0A1DD3A}.Release|Any CPU.ActiveCfg = Release|Any CPU
		{1EF329E4-7F7E-4D15-AADD-D7BAE0A1DD3A}.Release|Any CPU.Build.0 = Release|Any CPU
		{1C3B3DE6-D939-47DF-9DF6-9C7BBACC0731}.Debug|Any CPU.ActiveCfg = Debug|Any CPU
		{1C3B3DE6-D939-47DF-9DF6-9C7BBACC0731}.Debug|Any CPU.Build.0 = Debug|Any CPU
		{1C3B3DE6-D939-47DF-9DF6-9C7BBACC0731}.Release|Any CPU.ActiveCfg = Release|Any CPU
		{1C3B3DE6-D939-47DF-9DF6-9C7BBACC0731}.Release|Any CPU.Build.0 = Release|Any CPU
		{63344C77-91F8-4705-BF47-F92B09FC7116}.Debug|Any CPU.ActiveCfg = Debug|Any CPU
		{63344C77-91F8-4705-BF47-F92B09FC7116}.Debug|Any CPU.Build.0 = Debug|Any CPU
		{63344C77-91F8-4705-BF47-F92B09FC7116}.Release|Any CPU.ActiveCfg = Release|Any CPU
		{63344C77-91F8-4705-BF47-F92B09FC7116}.Release|Any CPU.Build.0 = Release|Any CPU
		{13C4D64A-BADE-42EB-BC7D-5C96F029B29A}.Debug|Any CPU.ActiveCfg = Debug|Any CPU
		{13C4D64A-BADE-42EB-BC7D-5C96F029B29A}.Debug|Any CPU.Build.0 = Debug|Any CPU
		{13C4D64A-BADE-42EB-BC7D-5C96F029B29A}.Release|Any CPU.ActiveCfg = Release|Any CPU
		{13C4D64A-BADE-42EB-BC7D-5C96F029B29A}.Release|Any CPU.Build.0 = Release|Any CPU
		{A3040F6C-DCE1-4905-9B3C-BEDE1BB71CE7}.Debug|Any CPU.ActiveCfg = Debug|Any CPU
		{A3040F6C-DCE1-4905-9B3C-BEDE1BB71CE7}.Debug|Any CPU.Build.0 = Debug|Any CPU
		{A3040F6C-DCE1-4905-9B3C-BEDE1BB71CE7}.Release|Any CPU.ActiveCfg = Release|Any CPU
		{A3040F6C-DCE1-4905-9B3C-BEDE1BB71CE7}.Release|Any CPU.Build.0 = Release|Any CPU
		{99B7FE7A-ABB2-42A9-BD73-5E2EDACABD71}.Debug|Any CPU.ActiveCfg = Debug|Any CPU
		{99B7FE7A-ABB2-42A9-BD73-5E2EDACABD71}.Debug|Any CPU.Build.0 = Debug|Any CPU
		{99B7FE7A-ABB2-42A9-BD73-5E2EDACABD71}.Release|Any CPU.ActiveCfg = Release|Any CPU
		{99B7FE7A-ABB2-42A9-BD73-5E2EDACABD71}.Release|Any CPU.Build.0 = Release|Any CPU
		{DA1DE3F9-FA75-485D-8FFF-D0EC38756A4F}.Debug|Any CPU.ActiveCfg = Debug|Any CPU
		{DA1DE3F9-FA75-485D-8FFF-D0EC38756A4F}.Debug|Any CPU.Build.0 = Debug|Any CPU
		{DA1DE3F9-FA75-485D-8FFF-D0EC38756A4F}.Release|Any CPU.ActiveCfg = Release|Any CPU
		{DA1DE3F9-FA75-485D-8FFF-D0EC38756A4F}.Release|Any CPU.Build.0 = Release|Any CPU
		{3992DCD3-3E34-4CBC-A774-6F4606BB5000}.Debug|Any CPU.ActiveCfg = Debug|Any CPU
		{3992DCD3-3E34-4CBC-A774-6F4606BB5000}.Debug|Any CPU.Build.0 = Debug|Any CPU
		{3992DCD3-3E34-4CBC-A774-6F4606BB5000}.Release|Any CPU.ActiveCfg = Release|Any CPU
		{3992DCD3-3E34-4CBC-A774-6F4606BB5000}.Release|Any CPU.Build.0 = Release|Any CPU
		{ABE7D93C-B164-4106-9898-74A2699BDEFD}.Debug|Any CPU.ActiveCfg = Debug|Any CPU
		{ABE7D93C-B164-4106-9898-74A2699BDEFD}.Debug|Any CPU.Build.0 = Debug|Any CPU
		{ABE7D93C-B164-4106-9898-74A2699BDEFD}.Release|Any CPU.ActiveCfg = Release|Any CPU
		{ABE7D93C-B164-4106-9898-74A2699BDEFD}.Release|Any CPU.Build.0 = Release|Any CPU
		{B9B66E61-CBC1-44C8-AB7A-E783FC24BC85}.Debug|Any CPU.ActiveCfg = Debug|Any CPU
		{B9B66E61-CBC1-44C8-AB7A-E783FC24BC85}.Debug|Any CPU.Build.0 = Debug|Any CPU
		{B9B66E61-CBC1-44C8-AB7A-E783FC24BC85}.Release|Any CPU.ActiveCfg = Release|Any CPU
		{B9B66E61-CBC1-44C8-AB7A-E783FC24BC85}.Release|Any CPU.Build.0 = Release|Any CPU
	EndGlobalSection
	GlobalSection(SolutionProperties) = preSolution
		HideSolutionNode = FALSE
	EndGlobalSection
	GlobalSection(NestedProjects) = preSolution
		{BA498364-5C53-4C53-AB24-85155B113FB3} = {8545F389-653C-4100-B042-41BF3C1391E4}
		{1F09D215-BDAC-4B2A-B063-A97B07ECE5B7} = {8545F389-653C-4100-B042-41BF3C1391E4}
		{5E03DC5D-7911-40E2-A332-B08C0A6A4871} = {8545F389-653C-4100-B042-41BF3C1391E4}
		{AF5C40B1-6374-45C8-A992-D0085EB7B16A} = {8545F389-653C-4100-B042-41BF3C1391E4}
		{1264A330-0022-477C-B956-7AD718DEE9CB} = {8545F389-653C-4100-B042-41BF3C1391E4}
		{1EF329E4-7F7E-4D15-AADD-D7BAE0A1DD3A} = {8545F389-653C-4100-B042-41BF3C1391E4}
		{1C3B3DE6-D939-47DF-9DF6-9C7BBACC0731} = {8545F389-653C-4100-B042-41BF3C1391E4}
		{63344C77-91F8-4705-BF47-F92B09FC7116} = {8545F389-653C-4100-B042-41BF3C1391E4}
		{13C4D64A-BADE-42EB-BC7D-5C96F029B29A} = {8545F389-653C-4100-B042-41BF3C1391E4}
		{A3040F6C-DCE1-4905-9B3C-BEDE1BB71CE7} = {8545F389-653C-4100-B042-41BF3C1391E4}
		{99B7FE7A-ABB2-42A9-BD73-5E2EDACABD71} = {8545F389-653C-4100-B042-41BF3C1391E4}
		{DA1DE3F9-FA75-485D-8FFF-D0EC38756A4F} = {8545F389-653C-4100-B042-41BF3C1391E4}
		{3992DCD3-3E34-4CBC-A774-6F4606BB5000} = {AF6654C8-3182-480C-B86C-815225EA0074}
		{ABE7D93C-B164-4106-9898-74A2699BDEFD} = {AF6654C8-3182-480C-B86C-815225EA0074}
		{B9B66E61-CBC1-44C8-AB7A-E783FC24BC85} = {AF6654C8-3182-480C-B86C-815225EA0074}
	EndGlobalSection
	GlobalSection(SubversionScc) = preSolution
		Svn-Managed = True
		Manager = AnkhSVN - Subversion Support for Visual Studio
	EndGlobalSection
EndGlobal
