
Microsoft Visual Studio Solution File, Format Version 12.00
# Visual Studio 15
VisualStudioVersion = 15.0.28307.438
MinimumVisualStudioVersion = 10.0.40219.1
Project("{FAE04EC0-301F-11D3-BF4B-00C04F79EFBC}") = "Unimake.DFe", "Unimake.DFe.csproj", "{A77CD414-6B83-4D04-B37A-8A029DA8AC3D}"
EndProject
Global
	GlobalSection(SolutionConfigurationPlatforms) = preSolution
		Debug|Any CPU = Debug|Any CPU
		Release|Any CPU = Release|Any CPU
	EndGlobalSection
	GlobalSection(ProjectConfigurationPlatforms) = postSolution
		{A77CD414-6B83-4D04-B37A-8A029DA8AC3D}.Debug|Any CPU.ActiveCfg = Debug|Any CPU
		{A77CD414-6B83-4D04-B37A-8A029DA8AC3D}.Debug|Any CPU.Build.0 = Debug|Any CPU
		{A77CD414-6B83-4D04-B37A-8A029DA8AC3D}.Release|Any CPU.ActiveCfg = Release|Any CPU
		{A77CD414-6B83-4D04-B37A-8A029DA8AC3D}.Release|Any CPU.Build.0 = Release|Any CPU
	EndGlobalSection
	GlobalSection(SolutionProperties) = preSolution
		HideSolutionNode = FALSE
	EndGlobalSection
	GlobalSection(ExtensibilityGlobals) = postSolution
		SolutionGuid = {BDFDA262-E0C7-46D7-8121-5EED359FAB85}
	EndGlobalSection
EndGlobal
